// !$*UTF8*$!
{
	archiveVersion = 1;
	classes = {
	};
	objectVersion = 46;
	objects = {

/* Begin PBXBuildFile section */
		3051114616E09D9E00FE129E /* black_linen_v2.png in Resources */ = {isa = PBXBuildFile; fileRef = 3051113216E09D9D00FE129E /* black_linen_v2.png */; };
		3051114716E09D9E00FE129E /* black_linen_v2@2x.png in Resources */ = {isa = PBXBuildFile; fileRef = 3051113316E09D9D00FE129E /* black_linen_v2@2x.png */; };
		3051114816E09D9E00FE129E /* brushed_alu_dark.png in Resources */ = {isa = PBXBuildFile; fileRef = 3051113416E09D9D00FE129E /* brushed_alu_dark.png */; };
		3051114916E09D9E00FE129E /* brushed_alu_dark@2x.png in Resources */ = {isa = PBXBuildFile; fileRef = 3051113516E09D9D00FE129E /* brushed_alu_dark@2x.png */; };
		3051114A16E09D9E00FE129E /* dark_leather.png in Resources */ = {isa = PBXBuildFile; fileRef = 3051113616E09D9D00FE129E /* dark_leather.png */; };
		3051114B16E09D9E00FE129E /* dark_leather@2x.png in Resources */ = {isa = PBXBuildFile; fileRef = 3051113716E09D9D00FE129E /* dark_leather@2x.png */; };
		3051114C16E09D9E00FE129E /* darkdenim3.png in Resources */ = {isa = PBXBuildFile; fileRef = 3051113816E09D9D00FE129E /* darkdenim3.png */; };
		3051114D16E09D9E00FE129E /* darkdenim3@2x.png in Resources */ = {isa = PBXBuildFile; fileRef = 3051113916E09D9D00FE129E /* darkdenim3@2x.png */; };
		3051114E16E09D9E00FE129E /* darth_stripe.png in Resources */ = {isa = PBXBuildFile; fileRef = 3051113A16E09D9D00FE129E /* darth_stripe.png */; };
		3051114F16E09D9E00FE129E /* darth_stripe@2x.png in Resources */ = {isa = PBXBuildFile; fileRef = 3051113B16E09D9D00FE129E /* darth_stripe@2x.png */; };
		3051115016E09D9E00FE129E /* irongrip.png in Resources */ = {isa = PBXBuildFile; fileRef = 3051113C16E09D9D00FE129E /* irongrip.png */; };
		3051115116E09D9E00FE129E /* irongrip@2x.png in Resources */ = {isa = PBXBuildFile; fileRef = 3051113D16E09D9D00FE129E /* irongrip@2x.png */; };
		3051115216E09D9E00FE129E /* knitted-netting.png in Resources */ = {isa = PBXBuildFile; fileRef = 3051113E16E09D9D00FE129E /* knitted-netting.png */; };
		3051115316E09D9E00FE129E /* knitted-netting@2x.png in Resources */ = {isa = PBXBuildFile; fileRef = 3051113F16E09D9D00FE129E /* knitted-netting@2x.png */; };
		3051115416E09D9E00FE129E /* light_alu.png in Resources */ = {isa = PBXBuildFile; fileRef = 3051114016E09D9E00FE129E /* light_alu.png */; };
		3051115516E09D9E00FE129E /* light_alu@2x.png in Resources */ = {isa = PBXBuildFile; fileRef = 3051114116E09D9E00FE129E /* light_alu@2x.png */; };
		3051115616E09D9E00FE129E /* little_pluses.png in Resources */ = {isa = PBXBuildFile; fileRef = 3051114216E09D9E00FE129E /* little_pluses.png */; };
		3051115716E09D9E00FE129E /* little_pluses@2x.png in Resources */ = {isa = PBXBuildFile; fileRef = 3051114316E09D9E00FE129E /* little_pluses@2x.png */; };
		3051115816E09D9E00FE129E /* real_cf.png in Resources */ = {isa = PBXBuildFile; fileRef = 3051114416E09D9E00FE129E /* real_cf.png */; };
		3051115916E09D9E00FE129E /* real_cf@2x.png in Resources */ = {isa = PBXBuildFile; fileRef = 3051114516E09D9E00FE129E /* real_cf@2x.png */; };
		3051117916E0A09000FE129E /* blackButton.png in Resources */ = {isa = PBXBuildFile; fileRef = 3051115C16E0A09000FE129E /* blackButton.png */; };
		3051117A16E0A09000FE129E /* blackButton@2x.png in Resources */ = {isa = PBXBuildFile; fileRef = 3051115D16E0A09000FE129E /* blackButton@2x.png */; };
		3051117B16E0A09000FE129E /* blackButtonHighlight.png in Resources */ = {isa = PBXBuildFile; fileRef = 3051115E16E0A09000FE129E /* blackButtonHighlight.png */; };
		3051117C16E0A09000FE129E /* blackButtonHighlight@2x.png in Resources */ = {isa = PBXBuildFile; fileRef = 3051115F16E0A09000FE129E /* blackButtonHighlight@2x.png */; };
		3051117D16E0A09000FE129E /* blueButton.png in Resources */ = {isa = PBXBuildFile; fileRef = 3051116016E0A09000FE129E /* blueButton.png */; };
		3051117E16E0A09000FE129E /* blueButton@2x.png in Resources */ = {isa = PBXBuildFile; fileRef = 3051116116E0A09000FE129E /* blueButton@2x.png */; };
		3051117F16E0A09000FE129E /* blueButtonHighlight.png in Resources */ = {isa = PBXBuildFile; fileRef = 3051116216E0A09000FE129E /* blueButtonHighlight.png */; };
		3051118016E0A09000FE129E /* blueButtonHighlight@2x.png in Resources */ = {isa = PBXBuildFile; fileRef = 3051116316E0A09000FE129E /* blueButtonHighlight@2x.png */; };
		3051118116E0A09000FE129E /* greenButton.png in Resources */ = {isa = PBXBuildFile; fileRef = 3051116416E0A09000FE129E /* greenButton.png */; };
		3051118216E0A09000FE129E /* greenButton@2x.png in Resources */ = {isa = PBXBuildFile; fileRef = 3051116516E0A09000FE129E /* greenButton@2x.png */; };
		3051118316E0A09000FE129E /* greenButtonHighlight.png in Resources */ = {isa = PBXBuildFile; fileRef = 3051116616E0A09000FE129E /* greenButtonHighlight.png */; };
		3051118416E0A09000FE129E /* greenButtonHighlight@2x.png in Resources */ = {isa = PBXBuildFile; fileRef = 3051116716E0A09000FE129E /* greenButtonHighlight@2x.png */; };
		3051118516E0A09000FE129E /* greyButton.png in Resources */ = {isa = PBXBuildFile; fileRef = 3051116816E0A09000FE129E /* greyButton.png */; };
		3051118616E0A09000FE129E /* greyButton@2x.png in Resources */ = {isa = PBXBuildFile; fileRef = 3051116916E0A09000FE129E /* greyButton@2x.png */; };
		3051118816E0A09000FE129E /* greyButtonHighlight.png in Resources */ = {isa = PBXBuildFile; fileRef = 3051116B16E0A09000FE129E /* greyButtonHighlight.png */; };
		3051118916E0A09000FE129E /* greyButtonHighlight@2x.png in Resources */ = {isa = PBXBuildFile; fileRef = 3051116C16E0A09000FE129E /* greyButtonHighlight@2x.png */; };
		3051118A16E0A09000FE129E /* orangeButton.png in Resources */ = {isa = PBXBuildFile; fileRef = 3051116D16E0A09000FE129E /* orangeButton.png */; };
		3051118B16E0A09000FE129E /* orangeButton@2x.png in Resources */ = {isa = PBXBuildFile; fileRef = 3051116E16E0A09000FE129E /* orangeButton@2x.png */; };
		3051118C16E0A09000FE129E /* orangeButtonHighlight.png in Resources */ = {isa = PBXBuildFile; fileRef = 3051116F16E0A09000FE129E /* orangeButtonHighlight.png */; };
		3051118D16E0A09000FE129E /* orangeButtonHighlight@2x.png in Resources */ = {isa = PBXBuildFile; fileRef = 3051117016E0A09000FE129E /* orangeButtonHighlight@2x.png */; };
		3051118E16E0A09000FE129E /* tanButton.png in Resources */ = {isa = PBXBuildFile; fileRef = 3051117116E0A09000FE129E /* tanButton.png */; };
		3051118F16E0A09000FE129E /* tanButton@2x.png in Resources */ = {isa = PBXBuildFile; fileRef = 3051117216E0A09000FE129E /* tanButton@2x.png */; };
		3051119016E0A09000FE129E /* tanButtonHighlight.png in Resources */ = {isa = PBXBuildFile; fileRef = 3051117316E0A09000FE129E /* tanButtonHighlight.png */; };
		3051119116E0A09000FE129E /* tanButtonHighlight@2x.png in Resources */ = {isa = PBXBuildFile; fileRef = 3051117416E0A09000FE129E /* tanButtonHighlight@2x.png */; };
		3051119216E0A09000FE129E /* whiteButton.png in Resources */ = {isa = PBXBuildFile; fileRef = 3051117516E0A09000FE129E /* whiteButton.png */; };
		3051119316E0A09000FE129E /* whiteButton@2x.png in Resources */ = {isa = PBXBuildFile; fileRef = 3051117616E0A09000FE129E /* whiteButton@2x.png */; };
		3051119416E0A09000FE129E /* whiteButtonHighlight.png in Resources */ = {isa = PBXBuildFile; fileRef = 3051117716E0A09000FE129E /* whiteButtonHighlight.png */; };
		3051119516E0A09000FE129E /* whiteButtonHighlight@2x.png in Resources */ = {isa = PBXBuildFile; fileRef = 3051117816E0A09000FE129E /* whiteButtonHighlight@2x.png */; };
		30594EA716E026AD00C8B873 /* carbon_fibre.png in Resources */ = {isa = PBXBuildFile; fileRef = 30594E9F16E026AD00C8B873 /* carbon_fibre.png */; };
		30594EA816E026AD00C8B873 /* carbon_fibre@2X.png in Resources */ = {isa = PBXBuildFile; fileRef = 30594EA016E026AD00C8B873 /* carbon_fibre@2X.png */; };
		30594EA916E026AD00C8B873 /* large_leather.png in Resources */ = {isa = PBXBuildFile; fileRef = 30594EA116E026AD00C8B873 /* large_leather.png */; };
		30594EAA16E026AD00C8B873 /* large_leather@2X.png in Resources */ = {isa = PBXBuildFile; fileRef = 30594EA216E026AD00C8B873 /* large_leather@2X.png */; };
		30594EAB16E026AD00C8B873 /* outlets.png in Resources */ = {isa = PBXBuildFile; fileRef = 30594EA316E026AD00C8B873 /* outlets.png */; };
		30594EAC16E026AD00C8B873 /* outlets@2X.png in Resources */ = {isa = PBXBuildFile; fileRef = 30594EA416E026AD00C8B873 /* outlets@2X.png */; };
		30594EAD16E026AD00C8B873 /* white_leather.png in Resources */ = {isa = PBXBuildFile; fileRef = 30594EA516E026AD00C8B873 /* white_leather.png */; };
		30594EAE16E026AD00C8B873 /* white_leather@2X.png in Resources */ = {isa = PBXBuildFile; fileRef = 30594EA616E026AD00C8B873 /* white_leather@2X.png */; };
		30594EB616E027C200C8B873 /* CustomImageView.m in Sources */ = {isa = PBXBuildFile; fileRef = 30594EB516E027C200C8B873 /* CustomImageView.m */; };
		3087DA7016E8BF3E008E7C75 /* video.png in Resources */ = {isa = PBXBuildFile; fileRef = 3087DA6E16E8BF3E008E7C75 /* video.png */; };
		3087DA7116E8BF3E008E7C75 /* video@2x.png in Resources */ = {isa = PBXBuildFile; fileRef = 3087DA6F16E8BF3E008E7C75 /* video@2x.png */; };
		3087DA7716E8C0A1008E7C75 /* bulb_off.png in Resources */ = {isa = PBXBuildFile; fileRef = 3087DA7316E8C0A1008E7C75 /* bulb_off.png */; };
		3087DA7816E8C0A1008E7C75 /* bulb_off@2x.png in Resources */ = {isa = PBXBuildFile; fileRef = 3087DA7416E8C0A1008E7C75 /* bulb_off@2x.png */; };
		3087DA7916E8C0A1008E7C75 /* bulb_on.png in Resources */ = {isa = PBXBuildFile; fileRef = 3087DA7516E8C0A1008E7C75 /* bulb_on.png */; };
		3087DA7A16E8C0A1008E7C75 /* bulb_on@2x.png in Resources */ = {isa = PBXBuildFile; fileRef = 3087DA7616E8C0A1008E7C75 /* bulb_on@2x.png */; };
		3087DA7D16E8C2B1008E7C75 /* concole.png in Resources */ = {isa = PBXBuildFile; fileRef = 3087DA7B16E8C2B1008E7C75 /* concole.png */; };
		3087DA7E16E8C2B1008E7C75 /* concole@2x.png in Resources */ = {isa = PBXBuildFile; fileRef = 3087DA7C16E8C2B1008E7C75 /* concole@2x.png */; };
		FE0C67B516D55BE7007D003D /* UIKit.framework in Frameworks */ = {isa = PBXBuildFile; fileRef = FE0C67B416D55BE7007D003D /* UIKit.framework */; };
		FE0C67B716D55BE7007D003D /* Foundation.framework in Frameworks */ = {isa = PBXBuildFile; fileRef = FE0C67B616D55BE7007D003D /* Foundation.framework */; };
		FE0C67B916D55BE7007D003D /* CoreGraphics.framework in Frameworks */ = {isa = PBXBuildFile; fileRef = FE0C67B816D55BE7007D003D /* CoreGraphics.framework */; };
		FE0C67BF16D55BE7007D003D /* InfoPlist.strings in Resources */ = {isa = PBXBuildFile; fileRef = FE0C67BD16D55BE7007D003D /* InfoPlist.strings */; };
		FE0C67C116D55BE7007D003D /* main.m in Sources */ = {isa = PBXBuildFile; fileRef = FE0C67C016D55BE7007D003D /* main.m */; };
		FE0C67C516D55BE7007D003D /* AppDelegate.m in Sources */ = {isa = PBXBuildFile; fileRef = FE0C67C416D55BE7007D003D /* AppDelegate.m */; };
		FE0C67C716D55BE7007D003D /* Default.png in Resources */ = {isa = PBXBuildFile; fileRef = FE0C67C616D55BE7007D003D /* Default.png */; };
		FE0C67C916D55BE7007D003D /* Default@2x.png in Resources */ = {isa = PBXBuildFile; fileRef = FE0C67C816D55BE7007D003D /* Default@2x.png */; };
		FE0C67CB16D55BE7007D003D /* Default-568h@2x.png in Resources */ = {isa = PBXBuildFile; fileRef = FE0C67CA16D55BE7007D003D /* Default-568h@2x.png */; };
		FE0C67D916D55BE7007D003D /* SenTestingKit.framework in Frameworks */ = {isa = PBXBuildFile; fileRef = FE0C67D816D55BE7007D003D /* SenTestingKit.framework */; };
		FE0C67DA16D55BE7007D003D /* UIKit.framework in Frameworks */ = {isa = PBXBuildFile; fileRef = FE0C67B416D55BE7007D003D /* UIKit.framework */; };
		FE0C67DB16D55BE7007D003D /* Foundation.framework in Frameworks */ = {isa = PBXBuildFile; fileRef = FE0C67B616D55BE7007D003D /* Foundation.framework */; };
		FE0C67E316D55BE7007D003D /* InfoPlist.strings in Resources */ = {isa = PBXBuildFile; fileRef = FE0C67E116D55BE7007D003D /* InfoPlist.strings */; };
		FE0C67E616D55BE7007D003D /* iMomentsTests.m in Sources */ = {isa = PBXBuildFile; fileRef = FE0C67E516D55BE7007D003D /* iMomentsTests.m */; };
		FE0C680316D57477007D003D /* ShotVideoViewController.m in Sources */ = {isa = PBXBuildFile; fileRef = FE0C680216D57477007D003D /* ShotVideoViewController.m */; };
		FE42456316DF8BAE0099C7DF /* CoreData.framework in Frameworks */ = {isa = PBXBuildFile; fileRef = FE42456216DF8BAE0099C7DF /* CoreData.framework */; };
		FE42456716DF94450099C7DF /* ModelManager.m in Sources */ = {isa = PBXBuildFile; fileRef = FE42456616DF94450099C7DF /* ModelManager.m */; };
		FE42456E16DF973C0099C7DF /* iMoments.xcdatamodeld in Sources */ = {isa = PBXBuildFile; fileRef = FE42456C16DF973C0099C7DF /* iMoments.xcdatamodeld */; };
		FE4245A916DFB48D0099C7DF /* VideosTableViewController.m in Sources */ = {isa = PBXBuildFile; fileRef = FE4245A816DFB48D0099C7DF /* VideosTableViewController.m */; };
		FE4245AF16DFB4AE0099C7DF /* BaseTableViewController.m in Sources */ = {isa = PBXBuildFile; fileRef = FE4245AC16DFB4AE0099C7DF /* BaseTableViewController.m */; };
		FE4245B016DFB4AE0099C7DF /* BaseViewController.m in Sources */ = {isa = PBXBuildFile; fileRef = FE4245AE16DFB4AE0099C7DF /* BaseViewController.m */; };
		FE4245C416DFE0420099C7DF /* AssetsLibrary.framework in Frameworks */ = {isa = PBXBuildFile; fileRef = FE4245C316DFE0420099C7DF /* AssetsLibrary.framework */; };
		FE4245C716DFE04A0099C7DF /* AVFoundation.framework in Frameworks */ = {isa = PBXBuildFile; fileRef = FE4245C616DFE04A0099C7DF /* AVFoundation.framework */; };
		FE4245C916DFE0540099C7DF /* CoreMedia.framework in Frameworks */ = {isa = PBXBuildFile; fileRef = FE4245C816DFE0540099C7DF /* CoreMedia.framework */; };
		FE4245CB16DFE05E0099C7DF /* MediaPlayer.framework in Frameworks */ = {isa = PBXBuildFile; fileRef = FE4245CA16DFE05E0099C7DF /* MediaPlayer.framework */; };
		FE4245CD16DFE0780099C7DF /* MobileCoreServices.framework in Frameworks */ = {isa = PBXBuildFile; fileRef = FE4245CC16DFE0780099C7DF /* MobileCoreServices.framework */; };
		FE4245CF16DFE0820099C7DF /* QuartzCore.framework in Frameworks */ = {isa = PBXBuildFile; fileRef = FE4245CE16DFE0810099C7DF /* QuartzCore.framework */; };
		FE4245EB16E006980099C7DF /* CoreImage.framework in Frameworks */ = {isa = PBXBuildFile; fileRef = FE4245EA16E006980099C7DF /* CoreImage.framework */; };
		FE4245ED16E006AC0099C7DF /* CoreVideo.framework in Frameworks */ = {isa = PBXBuildFile; fileRef = FE4245EC16E006AC0099C7DF /* CoreVideo.framework */; };
		FE44387616E65E330079C77C /* camera.png in Resources */ = {isa = PBXBuildFile; fileRef = FE44387216E65E330079C77C /* camera.png */; };
		FE44387716E65E330079C77C /* camera@2x.png in Resources */ = {isa = PBXBuildFile; fileRef = FE44387316E65E330079C77C /* camera@2x.png */; };
		FE44387816E65E330079C77C /* lightbulb.png in Resources */ = {isa = PBXBuildFile; fileRef = FE44387416E65E330079C77C /* lightbulb.png */; };
		FE44387916E65E330079C77C /* lightbulb@2x.png in Resources */ = {isa = PBXBuildFile; fileRef = FE44387516E65E330079C77C /* lightbulb@2x.png */; };
		FE44388116E67D780079C77C /* MediaPlayerViewController.m in Sources */ = {isa = PBXBuildFile; fileRef = FE44388016E67D780079C77C /* MediaPlayerViewController.m */; };
		FE44388616E68EC00079C77C /* NSData+Encryption.m in Sources */ = {isa = PBXBuildFile; fileRef = FE44388516E68EC00079C77C /* NSData+Encryption.m */; };
		FE4B3B5716E8DBA40033B12B /* SimpleButton.m in Sources */ = {isa = PBXBuildFile; fileRef = FE4B3B5616E8DBA40033B12B /* SimpleButton.m */; };
		FE4B3B5B16E8EC3B0033B12B /* TimeUtilites.m in Sources */ = {isa = PBXBuildFile; fileRef = FE4B3B5A16E8EC3B0033B12B /* TimeUtilites.m */; };
		FE4B3B6216E8FF9F0033B12B /* EditMomentViewController.m in Sources */ = {isa = PBXBuildFile; fileRef = FE4B3B6116E8FF9F0033B12B /* EditMomentViewController.m */; };
		FE5A4FED16DC00E000A6DC05 /* MainStoryboard.storyboard in Resources */ = {isa = PBXBuildFile; fileRef = FE5A4FEC16DC00E000A6DC05 /* MainStoryboard.storyboard */; };
		FE5A500B16DC0FF400A6DC05 /* Engine.m in Sources */ = {isa = PBXBuildFile; fileRef = FE5A500A16DC0FF400A6DC05 /* Engine.m */; };
		FE90510716E1213900617F15 /* AVCamUtilities.m in Sources */ = {isa = PBXBuildFile; fileRef = FE90510616E1213900617F15 /* AVCamUtilities.m */; };
		FE90510D16E121D600617F15 /* AVCamRecorder.m in Sources */ = {isa = PBXBuildFile; fileRef = FE90510A16E121D600617F15 /* AVCamRecorder.m */; settings = {COMPILER_FLAGS = "-fno-objc-arc"; }; };
		FE90510E16E121D600617F15 /* VideoRecordingManager.m in Sources */ = {isa = PBXBuildFile; fileRef = FE90510C16E121D600617F15 /* VideoRecordingManager.m */; };
		FEA75F2C16E4E94200F8A74F /* BaseTabBarController.m in Sources */ = {isa = PBXBuildFile; fileRef = FEA75F2B16E4E94200F8A74F /* BaseTabBarController.m */; };
		FEA75F3B16E4F12200F8A74F /* VideoLibraryTableViewController.m in Sources */ = {isa = PBXBuildFile; fileRef = FEA75F3A16E4F12200F8A74F /* VideoLibraryTableViewController.m */; };
		FEA75F4C16E51FEF00F8A74F /* AssetBrowserItem.m in Sources */ = {isa = PBXBuildFile; fileRef = FEA75F4B16E51FEF00F8A74F /* AssetBrowserItem.m */; settings = {COMPILER_FLAGS = "-fno-objc-arc"; }; };
		FEBAF5C916E79F56002506BA /* EditVideoInfoViewController.m in Sources */ = {isa = PBXBuildFile; fileRef = FEBAF5C816E79F56002506BA /* EditVideoInfoViewController.m */; };
		FEBAF5DE16E7B251002506BA /* Moment.m in Sources */ = {isa = PBXBuildFile; fileRef = FEBAF5DD16E7B251002506BA /* Moment.m */; };
		FEBAF5E116E7B252002506BA /* Video.m in Sources */ = {isa = PBXBuildFile; fileRef = FEBAF5E016E7B252002506BA /* Video.m */; };
		FEBAF5E416E7B252002506BA /* BaseVideoInterface.m in Sources */ = {isa = PBXBuildFile; fileRef = FEBAF5E316E7B252002506BA /* BaseVideoInterface.m */; };
		FEBAF60716E7D23E002506BA /* PopSegue.m in Sources */ = {isa = PBXBuildFile; fileRef = FEBAF60616E7D23E002506BA /* PopSegue.m */; };
		FEBAF60B16E7D44D002506BA /* MomentsTableViewController.m in Sources */ = {isa = PBXBuildFile; fileRef = FEBAF60A16E7D44D002506BA /* MomentsTableViewController.m */; };
		FEBAF60F16E7D512002506BA /* VideoInfoHeader.m in Sources */ = {isa = PBXBuildFile; fileRef = FEBAF60E16E7D512002506BA /* VideoInfoHeader.m */; };
		FEBAF61316E7D544002506BA /* VideoInfoHeader.xib in Resources */ = {isa = PBXBuildFile; fileRef = FEBAF61216E7D544002506BA /* VideoInfoHeader.xib */; };
		FEBAF61A16E7E0F9002506BA /* FileManager.m in Sources */ = {isa = PBXBuildFile; fileRef = FEBAF61916E7E0F9002506BA /* FileManager.m */; };
		FEC220CC16E0F27B00A1A6AC /* OrientationsTool.m in Sources */ = {isa = PBXBuildFile; fileRef = FEC220CB16E0F27B00A1A6AC /* OrientationsTool.m */; };
/* End PBXBuildFile section */

/* Begin PBXContainerItemProxy section */
		FE0C67DC16D55BE7007D003D /* PBXContainerItemProxy */ = {
			isa = PBXContainerItemProxy;
			containerPortal = FE0C67A716D55BE7007D003D /* Project object */;
			proxyType = 1;
			remoteGlobalIDString = FE0C67AF16D55BE7007D003D;
			remoteInfo = iMoments;
		};
/* End PBXContainerItemProxy section */

/* Begin PBXFileReference section */
		3051113216E09D9D00FE129E /* black_linen_v2.png */ = {isa = PBXFileReference; lastKnownFileType = image.png; path = black_linen_v2.png; sourceTree = "<group>"; };
		3051113316E09D9D00FE129E /* black_linen_v2@2x.png */ = {isa = PBXFileReference; lastKnownFileType = image.png; path = "black_linen_v2@2x.png"; sourceTree = "<group>"; };
		3051113416E09D9D00FE129E /* brushed_alu_dark.png */ = {isa = PBXFileReference; lastKnownFileType = image.png; path = brushed_alu_dark.png; sourceTree = "<group>"; };
		3051113516E09D9D00FE129E /* brushed_alu_dark@2x.png */ = {isa = PBXFileReference; lastKnownFileType = image.png; path = "brushed_alu_dark@2x.png"; sourceTree = "<group>"; };
		3051113616E09D9D00FE129E /* dark_leather.png */ = {isa = PBXFileReference; lastKnownFileType = image.png; path = dark_leather.png; sourceTree = "<group>"; };
		3051113716E09D9D00FE129E /* dark_leather@2x.png */ = {isa = PBXFileReference; lastKnownFileType = image.png; path = "dark_leather@2x.png"; sourceTree = "<group>"; };
		3051113816E09D9D00FE129E /* darkdenim3.png */ = {isa = PBXFileReference; lastKnownFileType = image.png; path = darkdenim3.png; sourceTree = "<group>"; };
		3051113916E09D9D00FE129E /* darkdenim3@2x.png */ = {isa = PBXFileReference; lastKnownFileType = image.png; path = "darkdenim3@2x.png"; sourceTree = "<group>"; };
		3051113A16E09D9D00FE129E /* darth_stripe.png */ = {isa = PBXFileReference; lastKnownFileType = image.png; path = darth_stripe.png; sourceTree = "<group>"; };
		3051113B16E09D9D00FE129E /* darth_stripe@2x.png */ = {isa = PBXFileReference; lastKnownFileType = image.png; path = "darth_stripe@2x.png"; sourceTree = "<group>"; };
		3051113C16E09D9D00FE129E /* irongrip.png */ = {isa = PBXFileReference; lastKnownFileType = image.png; path = irongrip.png; sourceTree = "<group>"; };
		3051113D16E09D9D00FE129E /* irongrip@2x.png */ = {isa = PBXFileReference; lastKnownFileType = image.png; path = "irongrip@2x.png"; sourceTree = "<group>"; };
		3051113E16E09D9D00FE129E /* knitted-netting.png */ = {isa = PBXFileReference; lastKnownFileType = image.png; path = "knitted-netting.png"; sourceTree = "<group>"; };
		3051113F16E09D9D00FE129E /* knitted-netting@2x.png */ = {isa = PBXFileReference; lastKnownFileType = image.png; path = "knitted-netting@2x.png"; sourceTree = "<group>"; };
		3051114016E09D9E00FE129E /* light_alu.png */ = {isa = PBXFileReference; lastKnownFileType = image.png; path = light_alu.png; sourceTree = "<group>"; };
		3051114116E09D9E00FE129E /* light_alu@2x.png */ = {isa = PBXFileReference; lastKnownFileType = image.png; path = "light_alu@2x.png"; sourceTree = "<group>"; };
		3051114216E09D9E00FE129E /* little_pluses.png */ = {isa = PBXFileReference; lastKnownFileType = image.png; path = little_pluses.png; sourceTree = "<group>"; };
		3051114316E09D9E00FE129E /* little_pluses@2x.png */ = {isa = PBXFileReference; lastKnownFileType = image.png; path = "little_pluses@2x.png"; sourceTree = "<group>"; };
		3051114416E09D9E00FE129E /* real_cf.png */ = {isa = PBXFileReference; lastKnownFileType = image.png; path = real_cf.png; sourceTree = "<group>"; };
		3051114516E09D9E00FE129E /* real_cf@2x.png */ = {isa = PBXFileReference; lastKnownFileType = image.png; path = "real_cf@2x.png"; sourceTree = "<group>"; };
		3051115C16E0A09000FE129E /* blackButton.png */ = {isa = PBXFileReference; lastKnownFileType = image.png; path = blackButton.png; sourceTree = "<group>"; };
		3051115D16E0A09000FE129E /* blackButton@2x.png */ = {isa = PBXFileReference; lastKnownFileType = image.png; path = "blackButton@2x.png"; sourceTree = "<group>"; };
		3051115E16E0A09000FE129E /* blackButtonHighlight.png */ = {isa = PBXFileReference; lastKnownFileType = image.png; path = blackButtonHighlight.png; sourceTree = "<group>"; };
		3051115F16E0A09000FE129E /* blackButtonHighlight@2x.png */ = {isa = PBXFileReference; lastKnownFileType = image.png; path = "blackButtonHighlight@2x.png"; sourceTree = "<group>"; };
		3051116016E0A09000FE129E /* blueButton.png */ = {isa = PBXFileReference; lastKnownFileType = image.png; path = blueButton.png; sourceTree = "<group>"; };
		3051116116E0A09000FE129E /* blueButton@2x.png */ = {isa = PBXFileReference; lastKnownFileType = image.png; path = "blueButton@2x.png"; sourceTree = "<group>"; };
		3051116216E0A09000FE129E /* blueButtonHighlight.png */ = {isa = PBXFileReference; lastKnownFileType = image.png; path = blueButtonHighlight.png; sourceTree = "<group>"; };
		3051116316E0A09000FE129E /* blueButtonHighlight@2x.png */ = {isa = PBXFileReference; lastKnownFileType = image.png; path = "blueButtonHighlight@2x.png"; sourceTree = "<group>"; };
		3051116416E0A09000FE129E /* greenButton.png */ = {isa = PBXFileReference; lastKnownFileType = image.png; path = greenButton.png; sourceTree = "<group>"; };
		3051116516E0A09000FE129E /* greenButton@2x.png */ = {isa = PBXFileReference; lastKnownFileType = image.png; path = "greenButton@2x.png"; sourceTree = "<group>"; };
		3051116616E0A09000FE129E /* greenButtonHighlight.png */ = {isa = PBXFileReference; lastKnownFileType = image.png; path = greenButtonHighlight.png; sourceTree = "<group>"; };
		3051116716E0A09000FE129E /* greenButtonHighlight@2x.png */ = {isa = PBXFileReference; lastKnownFileType = image.png; path = "greenButtonHighlight@2x.png"; sourceTree = "<group>"; };
		3051116816E0A09000FE129E /* greyButton.png */ = {isa = PBXFileReference; lastKnownFileType = image.png; path = greyButton.png; sourceTree = "<group>"; };
		3051116916E0A09000FE129E /* greyButton@2x.png */ = {isa = PBXFileReference; lastKnownFileType = image.png; path = "greyButton@2x.png"; sourceTree = "<group>"; };
		3051116B16E0A09000FE129E /* greyButtonHighlight.png */ = {isa = PBXFileReference; lastKnownFileType = image.png; path = greyButtonHighlight.png; sourceTree = "<group>"; };
		3051116C16E0A09000FE129E /* greyButtonHighlight@2x.png */ = {isa = PBXFileReference; lastKnownFileType = image.png; path = "greyButtonHighlight@2x.png"; sourceTree = "<group>"; };
		3051116D16E0A09000FE129E /* orangeButton.png */ = {isa = PBXFileReference; lastKnownFileType = image.png; path = orangeButton.png; sourceTree = "<group>"; };
		3051116E16E0A09000FE129E /* orangeButton@2x.png */ = {isa = PBXFileReference; lastKnownFileType = image.png; path = "orangeButton@2x.png"; sourceTree = "<group>"; };
		3051116F16E0A09000FE129E /* orangeButtonHighlight.png */ = {isa = PBXFileReference; lastKnownFileType = image.png; path = orangeButtonHighlight.png; sourceTree = "<group>"; };
		3051117016E0A09000FE129E /* orangeButtonHighlight@2x.png */ = {isa = PBXFileReference; lastKnownFileType = image.png; path = "orangeButtonHighlight@2x.png"; sourceTree = "<group>"; };
		3051117116E0A09000FE129E /* tanButton.png */ = {isa = PBXFileReference; lastKnownFileType = image.png; path = tanButton.png; sourceTree = "<group>"; };
		3051117216E0A09000FE129E /* tanButton@2x.png */ = {isa = PBXFileReference; lastKnownFileType = image.png; path = "tanButton@2x.png"; sourceTree = "<group>"; };
		3051117316E0A09000FE129E /* tanButtonHighlight.png */ = {isa = PBXFileReference; lastKnownFileType = image.png; path = tanButtonHighlight.png; sourceTree = "<group>"; };
		3051117416E0A09000FE129E /* tanButtonHighlight@2x.png */ = {isa = PBXFileReference; lastKnownFileType = image.png; path = "tanButtonHighlight@2x.png"; sourceTree = "<group>"; };
		3051117516E0A09000FE129E /* whiteButton.png */ = {isa = PBXFileReference; lastKnownFileType = image.png; path = whiteButton.png; sourceTree = "<group>"; };
		3051117616E0A09000FE129E /* whiteButton@2x.png */ = {isa = PBXFileReference; lastKnownFileType = image.png; path = "whiteButton@2x.png"; sourceTree = "<group>"; };
		3051117716E0A09000FE129E /* whiteButtonHighlight.png */ = {isa = PBXFileReference; lastKnownFileType = image.png; path = whiteButtonHighlight.png; sourceTree = "<group>"; };
		3051117816E0A09000FE129E /* whiteButtonHighlight@2x.png */ = {isa = PBXFileReference; lastKnownFileType = image.png; path = "whiteButtonHighlight@2x.png"; sourceTree = "<group>"; };
		30594E9F16E026AD00C8B873 /* carbon_fibre.png */ = {isa = PBXFileReference; lastKnownFileType = image.png; path = carbon_fibre.png; sourceTree = "<group>"; };
		30594EA016E026AD00C8B873 /* carbon_fibre@2X.png */ = {isa = PBXFileReference; lastKnownFileType = image.png; path = "carbon_fibre@2X.png"; sourceTree = "<group>"; };
		30594EA116E026AD00C8B873 /* large_leather.png */ = {isa = PBXFileReference; lastKnownFileType = image.png; path = large_leather.png; sourceTree = "<group>"; };
		30594EA216E026AD00C8B873 /* large_leather@2X.png */ = {isa = PBXFileReference; lastKnownFileType = image.png; path = "large_leather@2X.png"; sourceTree = "<group>"; };
		30594EA316E026AD00C8B873 /* outlets.png */ = {isa = PBXFileReference; lastKnownFileType = image.png; path = outlets.png; sourceTree = "<group>"; };
		30594EA416E026AD00C8B873 /* outlets@2X.png */ = {isa = PBXFileReference; lastKnownFileType = image.png; path = "outlets@2X.png"; sourceTree = "<group>"; };
		30594EA516E026AD00C8B873 /* white_leather.png */ = {isa = PBXFileReference; lastKnownFileType = image.png; path = white_leather.png; sourceTree = "<group>"; };
		30594EA616E026AD00C8B873 /* white_leather@2X.png */ = {isa = PBXFileReference; lastKnownFileType = image.png; path = "white_leather@2X.png"; sourceTree = "<group>"; };
		30594EB416E027C200C8B873 /* CustomImageView.h */ = {isa = PBXFileReference; fileEncoding = 4; lastKnownFileType = sourcecode.c.h; path = CustomImageView.h; sourceTree = "<group>"; };
		30594EB516E027C200C8B873 /* CustomImageView.m */ = {isa = PBXFileReference; fileEncoding = 4; lastKnownFileType = sourcecode.c.objc; path = CustomImageView.m; sourceTree = "<group>"; };
		3087DA6E16E8BF3E008E7C75 /* video.png */ = {isa = PBXFileReference; lastKnownFileType = image.png; path = video.png; sourceTree = "<group>"; };
		3087DA6F16E8BF3E008E7C75 /* video@2x.png */ = {isa = PBXFileReference; lastKnownFileType = image.png; path = "video@2x.png"; sourceTree = "<group>"; };
		3087DA7316E8C0A1008E7C75 /* bulb_off.png */ = {isa = PBXFileReference; lastKnownFileType = image.png; path = bulb_off.png; sourceTree = "<group>"; };
		3087DA7416E8C0A1008E7C75 /* bulb_off@2x.png */ = {isa = PBXFileReference; lastKnownFileType = image.png; path = "bulb_off@2x.png"; sourceTree = "<group>"; };
		3087DA7516E8C0A1008E7C75 /* bulb_on.png */ = {isa = PBXFileReference; lastKnownFileType = image.png; path = bulb_on.png; sourceTree = "<group>"; };
		3087DA7616E8C0A1008E7C75 /* bulb_on@2x.png */ = {isa = PBXFileReference; lastKnownFileType = image.png; path = "bulb_on@2x.png"; sourceTree = "<group>"; };
		3087DA7B16E8C2B1008E7C75 /* concole.png */ = {isa = PBXFileReference; lastKnownFileType = image.png; path = concole.png; sourceTree = "<group>"; };
		3087DA7C16E8C2B1008E7C75 /* concole@2x.png */ = {isa = PBXFileReference; lastKnownFileType = image.png; path = "concole@2x.png"; sourceTree = "<group>"; };
		FE0C67B016D55BE7007D003D /* iMoments.app */ = {isa = PBXFileReference; explicitFileType = wrapper.application; includeInIndex = 0; path = iMoments.app; sourceTree = BUILT_PRODUCTS_DIR; };
		FE0C67B416D55BE7007D003D /* UIKit.framework */ = {isa = PBXFileReference; lastKnownFileType = wrapper.framework; name = UIKit.framework; path = System/Library/Frameworks/UIKit.framework; sourceTree = SDKROOT; };
		FE0C67B616D55BE7007D003D /* Foundation.framework */ = {isa = PBXFileReference; lastKnownFileType = wrapper.framework; name = Foundation.framework; path = System/Library/Frameworks/Foundation.framework; sourceTree = SDKROOT; };
		FE0C67B816D55BE7007D003D /* CoreGraphics.framework */ = {isa = PBXFileReference; lastKnownFileType = wrapper.framework; name = CoreGraphics.framework; path = System/Library/Frameworks/CoreGraphics.framework; sourceTree = SDKROOT; };
		FE0C67BC16D55BE7007D003D /* iMoments-Info.plist */ = {isa = PBXFileReference; lastKnownFileType = text.plist.xml; path = "iMoments-Info.plist"; sourceTree = "<group>"; };
		FE0C67BE16D55BE7007D003D /* en */ = {isa = PBXFileReference; lastKnownFileType = text.plist.strings; name = en; path = en.lproj/InfoPlist.strings; sourceTree = "<group>"; };
		FE0C67C016D55BE7007D003D /* main.m */ = {isa = PBXFileReference; lastKnownFileType = sourcecode.c.objc; path = main.m; sourceTree = "<group>"; };
		FE0C67C216D55BE7007D003D /* iMoments-Prefix.pch */ = {isa = PBXFileReference; lastKnownFileType = sourcecode.c.h; path = "iMoments-Prefix.pch"; sourceTree = "<group>"; };
		FE0C67C316D55BE7007D003D /* AppDelegate.h */ = {isa = PBXFileReference; lastKnownFileType = sourcecode.c.h; path = AppDelegate.h; sourceTree = "<group>"; };
		FE0C67C416D55BE7007D003D /* AppDelegate.m */ = {isa = PBXFileReference; lastKnownFileType = sourcecode.c.objc; path = AppDelegate.m; sourceTree = "<group>"; };
		FE0C67C616D55BE7007D003D /* Default.png */ = {isa = PBXFileReference; lastKnownFileType = image.png; path = Default.png; sourceTree = "<group>"; };
		FE0C67C816D55BE7007D003D /* Default@2x.png */ = {isa = PBXFileReference; lastKnownFileType = image.png; path = "Default@2x.png"; sourceTree = "<group>"; };
		FE0C67CA16D55BE7007D003D /* Default-568h@2x.png */ = {isa = PBXFileReference; lastKnownFileType = image.png; path = "Default-568h@2x.png"; sourceTree = "<group>"; };
		FE0C67D716D55BE7007D003D /* iMomentsTests.octest */ = {isa = PBXFileReference; explicitFileType = wrapper.cfbundle; includeInIndex = 0; path = iMomentsTests.octest; sourceTree = BUILT_PRODUCTS_DIR; };
		FE0C67D816D55BE7007D003D /* SenTestingKit.framework */ = {isa = PBXFileReference; lastKnownFileType = wrapper.framework; name = SenTestingKit.framework; path = Library/Frameworks/SenTestingKit.framework; sourceTree = DEVELOPER_DIR; };
		FE0C67E016D55BE7007D003D /* iMomentsTests-Info.plist */ = {isa = PBXFileReference; lastKnownFileType = text.plist.xml; path = "iMomentsTests-Info.plist"; sourceTree = "<group>"; };
		FE0C67E216D55BE7007D003D /* en */ = {isa = PBXFileReference; lastKnownFileType = text.plist.strings; name = en; path = en.lproj/InfoPlist.strings; sourceTree = "<group>"; };
		FE0C67E416D55BE7007D003D /* iMomentsTests.h */ = {isa = PBXFileReference; lastKnownFileType = sourcecode.c.h; path = iMomentsTests.h; sourceTree = "<group>"; };
		FE0C67E516D55BE7007D003D /* iMomentsTests.m */ = {isa = PBXFileReference; lastKnownFileType = sourcecode.c.objc; path = iMomentsTests.m; sourceTree = "<group>"; };
		FE0C67F616D56593007D003D /* BaseUIProtocol.h */ = {isa = PBXFileReference; lastKnownFileType = sourcecode.c.h; path = BaseUIProtocol.h; sourceTree = "<group>"; };
		FE0C67F716D5659F007D003D /* Constants.h */ = {isa = PBXFileReference; lastKnownFileType = sourcecode.c.h; path = Constants.h; sourceTree = "<group>"; };
		FE0C680116D57477007D003D /* ShotVideoViewController.h */ = {isa = PBXFileReference; fileEncoding = 4; lastKnownFileType = sourcecode.c.h; path = ShotVideoViewController.h; sourceTree = "<group>"; };
		FE0C680216D57477007D003D /* ShotVideoViewController.m */ = {isa = PBXFileReference; fileEncoding = 4; lastKnownFileType = sourcecode.c.objc; path = ShotVideoViewController.m; sourceTree = "<group>"; };
		FE42456216DF8BAE0099C7DF /* CoreData.framework */ = {isa = PBXFileReference; lastKnownFileType = wrapper.framework; name = CoreData.framework; path = System/Library/Frameworks/CoreData.framework; sourceTree = SDKROOT; };
		FE42456516DF94450099C7DF /* ModelManager.h */ = {isa = PBXFileReference; fileEncoding = 4; lastKnownFileType = sourcecode.c.h; path = ModelManager.h; sourceTree = "<group>"; };
		FE42456616DF94450099C7DF /* ModelManager.m */ = {isa = PBXFileReference; fileEncoding = 4; lastKnownFileType = sourcecode.c.objc; path = ModelManager.m; sourceTree = "<group>"; };
		FE42456D16DF973C0099C7DF /* iMoments.xcdatamodel */ = {isa = PBXFileReference; lastKnownFileType = wrapper.xcdatamodel; path = iMoments.xcdatamodel; sourceTree = "<group>"; };
		FE4245A716DFB48C0099C7DF /* VideosTableViewController.h */ = {isa = PBXFileReference; fileEncoding = 4; lastKnownFileType = sourcecode.c.h; path = VideosTableViewController.h; sourceTree = "<group>"; };
		FE4245A816DFB48D0099C7DF /* VideosTableViewController.m */ = {isa = PBXFileReference; fileEncoding = 4; lastKnownFileType = sourcecode.c.objc; path = VideosTableViewController.m; sourceTree = "<group>"; };
		FE4245AB16DFB4AE0099C7DF /* BaseTableViewController.h */ = {isa = PBXFileReference; fileEncoding = 4; lastKnownFileType = sourcecode.c.h; path = BaseTableViewController.h; sourceTree = "<group>"; };
		FE4245AC16DFB4AE0099C7DF /* BaseTableViewController.m */ = {isa = PBXFileReference; fileEncoding = 4; lastKnownFileType = sourcecode.c.objc; path = BaseTableViewController.m; sourceTree = "<group>"; };
		FE4245AD16DFB4AE0099C7DF /* BaseViewController.h */ = {isa = PBXFileReference; fileEncoding = 4; lastKnownFileType = sourcecode.c.h; path = BaseViewController.h; sourceTree = "<group>"; };
		FE4245AE16DFB4AE0099C7DF /* BaseViewController.m */ = {isa = PBXFileReference; fileEncoding = 4; lastKnownFileType = sourcecode.c.objc; path = BaseViewController.m; sourceTree = "<group>"; };
		FE4245C316DFE0420099C7DF /* AssetsLibrary.framework */ = {isa = PBXFileReference; lastKnownFileType = wrapper.framework; name = AssetsLibrary.framework; path = System/Library/Frameworks/AssetsLibrary.framework; sourceTree = SDKROOT; };
		FE4245C616DFE04A0099C7DF /* AVFoundation.framework */ = {isa = PBXFileReference; lastKnownFileType = wrapper.framework; name = AVFoundation.framework; path = System/Library/Frameworks/AVFoundation.framework; sourceTree = SDKROOT; };
		FE4245C816DFE0540099C7DF /* CoreMedia.framework */ = {isa = PBXFileReference; lastKnownFileType = wrapper.framework; name = CoreMedia.framework; path = System/Library/Frameworks/CoreMedia.framework; sourceTree = SDKROOT; };
		FE4245CA16DFE05E0099C7DF /* MediaPlayer.framework */ = {isa = PBXFileReference; lastKnownFileType = wrapper.framework; name = MediaPlayer.framework; path = System/Library/Frameworks/MediaPlayer.framework; sourceTree = SDKROOT; };
		FE4245CC16DFE0780099C7DF /* MobileCoreServices.framework */ = {isa = PBXFileReference; lastKnownFileType = wrapper.framework; name = MobileCoreServices.framework; path = System/Library/Frameworks/MobileCoreServices.framework; sourceTree = SDKROOT; };
		FE4245CE16DFE0810099C7DF /* QuartzCore.framework */ = {isa = PBXFileReference; lastKnownFileType = wrapper.framework; name = QuartzCore.framework; path = System/Library/Frameworks/QuartzCore.framework; sourceTree = SDKROOT; };
		FE4245EA16E006980099C7DF /* CoreImage.framework */ = {isa = PBXFileReference; lastKnownFileType = wrapper.framework; name = CoreImage.framework; path = System/Library/Frameworks/CoreImage.framework; sourceTree = SDKROOT; };
		FE4245EC16E006AC0099C7DF /* CoreVideo.framework */ = {isa = PBXFileReference; lastKnownFileType = wrapper.framework; name = CoreVideo.framework; path = System/Library/Frameworks/CoreVideo.framework; sourceTree = SDKROOT; };
		FE44387216E65E330079C77C /* camera.png */ = {isa = PBXFileReference; lastKnownFileType = image.png; path = camera.png; sourceTree = "<group>"; };
		FE44387316E65E330079C77C /* camera@2x.png */ = {isa = PBXFileReference; lastKnownFileType = image.png; path = "camera@2x.png"; sourceTree = "<group>"; };
		FE44387416E65E330079C77C /* lightbulb.png */ = {isa = PBXFileReference; lastKnownFileType = image.png; path = lightbulb.png; sourceTree = "<group>"; };
		FE44387516E65E330079C77C /* lightbulb@2x.png */ = {isa = PBXFileReference; lastKnownFileType = image.png; path = "lightbulb@2x.png"; sourceTree = "<group>"; };
		FE44387F16E67D780079C77C /* MediaPlayerViewController.h */ = {isa = PBXFileReference; fileEncoding = 4; lastKnownFileType = sourcecode.c.h; path = MediaPlayerViewController.h; sourceTree = "<group>"; };
		FE44388016E67D780079C77C /* MediaPlayerViewController.m */ = {isa = PBXFileReference; fileEncoding = 4; lastKnownFileType = sourcecode.c.objc; path = MediaPlayerViewController.m; sourceTree = "<group>"; };
		FE44388416E68EC00079C77C /* NSData+Encryption.h */ = {isa = PBXFileReference; fileEncoding = 4; lastKnownFileType = sourcecode.c.h; path = "NSData+Encryption.h"; sourceTree = "<group>"; };
		FE44388516E68EC00079C77C /* NSData+Encryption.m */ = {isa = PBXFileReference; fileEncoding = 4; lastKnownFileType = sourcecode.c.objc; path = "NSData+Encryption.m"; sourceTree = "<group>"; };
		FE4B3B5516E8DBA40033B12B /* SimpleButton.h */ = {isa = PBXFileReference; fileEncoding = 4; lastKnownFileType = sourcecode.c.h; path = SimpleButton.h; sourceTree = "<group>"; };
		FE4B3B5616E8DBA40033B12B /* SimpleButton.m */ = {isa = PBXFileReference; fileEncoding = 4; lastKnownFileType = sourcecode.c.objc; path = SimpleButton.m; sourceTree = "<group>"; };
		FE4B3B5916E8EC3B0033B12B /* TimeUtilites.h */ = {isa = PBXFileReference; fileEncoding = 4; lastKnownFileType = sourcecode.c.h; path = TimeUtilites.h; sourceTree = "<group>"; };
		FE4B3B5A16E8EC3B0033B12B /* TimeUtilites.m */ = {isa = PBXFileReference; fileEncoding = 4; lastKnownFileType = sourcecode.c.objc; path = TimeUtilites.m; sourceTree = "<group>"; };
		FE4B3B6016E8FF9F0033B12B /* EditMomentViewController.h */ = {isa = PBXFileReference; fileEncoding = 4; lastKnownFileType = sourcecode.c.h; path = EditMomentViewController.h; sourceTree = "<group>"; };
		FE4B3B6116E8FF9F0033B12B /* EditMomentViewController.m */ = {isa = PBXFileReference; fileEncoding = 4; lastKnownFileType = sourcecode.c.objc; path = EditMomentViewController.m; sourceTree = "<group>"; };
		FE5A4FEC16DC00E000A6DC05 /* MainStoryboard.storyboard */ = {isa = PBXFileReference; fileEncoding = 4; lastKnownFileType = file.storyboard; path = MainStoryboard.storyboard; sourceTree = "<group>"; };
		FE5A500916DC0FF400A6DC05 /* Engine.h */ = {isa = PBXFileReference; fileEncoding = 4; lastKnownFileType = sourcecode.c.h; path = Engine.h; sourceTree = "<group>"; };
		FE5A500A16DC0FF400A6DC05 /* Engine.m */ = {isa = PBXFileReference; fileEncoding = 4; lastKnownFileType = sourcecode.c.objc; path = Engine.m; sourceTree = "<group>"; };
		FE90510516E1213900617F15 /* AVCamUtilities.h */ = {isa = PBXFileReference; fileEncoding = 4; lastKnownFileType = sourcecode.c.h; path = AVCamUtilities.h; sourceTree = "<group>"; };
		FE90510616E1213900617F15 /* AVCamUtilities.m */ = {isa = PBXFileReference; fileEncoding = 4; lastKnownFileType = sourcecode.c.objc; path = AVCamUtilities.m; sourceTree = "<group>"; };
		FE90510916E121D600617F15 /* AVCamRecorder.h */ = {isa = PBXFileReference; fileEncoding = 4; lastKnownFileType = sourcecode.c.h; path = AVCamRecorder.h; sourceTree = "<group>"; };
		FE90510A16E121D600617F15 /* AVCamRecorder.m */ = {isa = PBXFileReference; fileEncoding = 4; lastKnownFileType = sourcecode.c.objc; path = AVCamRecorder.m; sourceTree = "<group>"; };
		FE90510B16E121D600617F15 /* VideoRecordingManager.h */ = {isa = PBXFileReference; fileEncoding = 4; lastKnownFileType = sourcecode.c.h; path = VideoRecordingManager.h; sourceTree = "<group>"; };
		FE90510C16E121D600617F15 /* VideoRecordingManager.m */ = {isa = PBXFileReference; fileEncoding = 4; lastKnownFileType = sourcecode.c.objc; path = VideoRecordingManager.m; sourceTree = "<group>"; };
		FEA75F2A16E4E94200F8A74F /* BaseTabBarController.h */ = {isa = PBXFileReference; fileEncoding = 4; lastKnownFileType = sourcecode.c.h; path = BaseTabBarController.h; sourceTree = "<group>"; };
		FEA75F2B16E4E94200F8A74F /* BaseTabBarController.m */ = {isa = PBXFileReference; fileEncoding = 4; lastKnownFileType = sourcecode.c.objc; path = BaseTabBarController.m; sourceTree = "<group>"; };
		FEA75F3916E4F12200F8A74F /* VideoLibraryTableViewController.h */ = {isa = PBXFileReference; fileEncoding = 4; lastKnownFileType = sourcecode.c.h; path = VideoLibraryTableViewController.h; sourceTree = "<group>"; };
		FEA75F3A16E4F12200F8A74F /* VideoLibraryTableViewController.m */ = {isa = PBXFileReference; fileEncoding = 4; lastKnownFileType = sourcecode.c.objc; path = VideoLibraryTableViewController.m; sourceTree = "<group>"; };
		FEA75F4016E506A500F8A74F /* Mackroses.h */ = {isa = PBXFileReference; fileEncoding = 4; lastKnownFileType = sourcecode.c.h; path = Mackroses.h; sourceTree = "<group>"; };
		FEA75F4A16E51FEF00F8A74F /* AssetBrowserItem.h */ = {isa = PBXFileReference; fileEncoding = 4; lastKnownFileType = sourcecode.c.h; path = AssetBrowserItem.h; sourceTree = "<group>"; };
		FEA75F4B16E51FEF00F8A74F /* AssetBrowserItem.m */ = {isa = PBXFileReference; fileEncoding = 4; lastKnownFileType = sourcecode.c.objc; path = AssetBrowserItem.m; sourceTree = "<group>"; };
		FEBAF5C716E79F56002506BA /* EditVideoInfoViewController.h */ = {isa = PBXFileReference; fileEncoding = 4; lastKnownFileType = sourcecode.c.h; path = EditVideoInfoViewController.h; sourceTree = "<group>"; };
		FEBAF5C816E79F56002506BA /* EditVideoInfoViewController.m */ = {isa = PBXFileReference; fileEncoding = 4; lastKnownFileType = sourcecode.c.objc; path = EditVideoInfoViewController.m; sourceTree = "<group>"; };
		FEBAF5DC16E7B251002506BA /* Moment.h */ = {isa = PBXFileReference; fileEncoding = 4; lastKnownFileType = sourcecode.c.h; path = Moment.h; sourceTree = "<group>"; };
		FEBAF5DD16E7B251002506BA /* Moment.m */ = {isa = PBXFileReference; fileEncoding = 4; lastKnownFileType = sourcecode.c.objc; path = Moment.m; sourceTree = "<group>"; };
		FEBAF5DF16E7B252002506BA /* Video.h */ = {isa = PBXFileReference; fileEncoding = 4; lastKnownFileType = sourcecode.c.h; path = Video.h; sourceTree = "<group>"; };
		FEBAF5E016E7B252002506BA /* Video.m */ = {isa = PBXFileReference; fileEncoding = 4; lastKnownFileType = sourcecode.c.objc; path = Video.m; sourceTree = "<group>"; };
		FEBAF5E216E7B252002506BA /* BaseVideoInterface.h */ = {isa = PBXFileReference; fileEncoding = 4; lastKnownFileType = sourcecode.c.h; path = BaseVideoInterface.h; sourceTree = "<group>"; };
		FEBAF5E316E7B252002506BA /* BaseVideoInterface.m */ = {isa = PBXFileReference; fileEncoding = 4; lastKnownFileType = sourcecode.c.objc; path = BaseVideoInterface.m; sourceTree = "<group>"; };
		FEBAF60516E7D23E002506BA /* PopSegue.h */ = {isa = PBXFileReference; fileEncoding = 4; lastKnownFileType = sourcecode.c.h; path = PopSegue.h; sourceTree = "<group>"; };
		FEBAF60616E7D23E002506BA /* PopSegue.m */ = {isa = PBXFileReference; fileEncoding = 4; lastKnownFileType = sourcecode.c.objc; path = PopSegue.m; sourceTree = "<group>"; };
		FEBAF60916E7D44D002506BA /* MomentsTableViewController.h */ = {isa = PBXFileReference; fileEncoding = 4; lastKnownFileType = sourcecode.c.h; path = MomentsTableViewController.h; sourceTree = "<group>"; };
		FEBAF60A16E7D44D002506BA /* MomentsTableViewController.m */ = {isa = PBXFileReference; fileEncoding = 4; lastKnownFileType = sourcecode.c.objc; path = MomentsTableViewController.m; sourceTree = "<group>"; };
		FEBAF60D16E7D512002506BA /* VideoInfoHeader.h */ = {isa = PBXFileReference; fileEncoding = 4; lastKnownFileType = sourcecode.c.h; path = VideoInfoHeader.h; sourceTree = "<group>"; };
		FEBAF60E16E7D512002506BA /* VideoInfoHeader.m */ = {isa = PBXFileReference; fileEncoding = 4; lastKnownFileType = sourcecode.c.objc; path = VideoInfoHeader.m; sourceTree = "<group>"; };
		FEBAF61216E7D544002506BA /* VideoInfoHeader.xib */ = {isa = PBXFileReference; fileEncoding = 4; lastKnownFileType = file.xib; path = VideoInfoHeader.xib; sourceTree = "<group>"; };
		FEBAF61816E7E0F8002506BA /* FileManager.h */ = {isa = PBXFileReference; fileEncoding = 4; lastKnownFileType = sourcecode.c.h; path = FileManager.h; sourceTree = "<group>"; };
		FEBAF61916E7E0F9002506BA /* FileManager.m */ = {isa = PBXFileReference; fileEncoding = 4; lastKnownFileType = sourcecode.c.objc; path = FileManager.m; sourceTree = "<group>"; };
		FEC220CA16E0F27B00A1A6AC /* OrientationsTool.h */ = {isa = PBXFileReference; fileEncoding = 4; lastKnownFileType = sourcecode.c.h; path = OrientationsTool.h; sourceTree = "<group>"; };
		FEC220CB16E0F27B00A1A6AC /* OrientationsTool.m */ = {isa = PBXFileReference; fileEncoding = 4; lastKnownFileType = sourcecode.c.objc; path = OrientationsTool.m; sourceTree = "<group>"; };
/* End PBXFileReference section */

/* Begin PBXFrameworksBuildPhase section */
		FE0C67AD16D55BE7007D003D /* Frameworks */ = {
			isa = PBXFrameworksBuildPhase;
			buildActionMask = 2147483647;
			files = (
				FE4245ED16E006AC0099C7DF /* CoreVideo.framework in Frameworks */,
				FE4245EB16E006980099C7DF /* CoreImage.framework in Frameworks */,
				FE4245CF16DFE0820099C7DF /* QuartzCore.framework in Frameworks */,
				FE4245CD16DFE0780099C7DF /* MobileCoreServices.framework in Frameworks */,
				FE4245CB16DFE05E0099C7DF /* MediaPlayer.framework in Frameworks */,
				FE4245C916DFE0540099C7DF /* CoreMedia.framework in Frameworks */,
				FE4245C716DFE04A0099C7DF /* AVFoundation.framework in Frameworks */,
				FE4245C416DFE0420099C7DF /* AssetsLibrary.framework in Frameworks */,
				FE42456316DF8BAE0099C7DF /* CoreData.framework in Frameworks */,
				FE0C67B516D55BE7007D003D /* UIKit.framework in Frameworks */,
				FE0C67B716D55BE7007D003D /* Foundation.framework in Frameworks */,
				FE0C67B916D55BE7007D003D /* CoreGraphics.framework in Frameworks */,
			);
			runOnlyForDeploymentPostprocessing = 0;
		};
		FE0C67D316D55BE7007D003D /* Frameworks */ = {
			isa = PBXFrameworksBuildPhase;
			buildActionMask = 2147483647;
			files = (
				FE0C67D916D55BE7007D003D /* SenTestingKit.framework in Frameworks */,
				FE0C67DA16D55BE7007D003D /* UIKit.framework in Frameworks */,
				FE0C67DB16D55BE7007D003D /* Foundation.framework in Frameworks */,
			);
			runOnlyForDeploymentPostprocessing = 0;
		};
/* End PBXFrameworksBuildPhase section */

/* Begin PBXGroup section */
		3051115B16E0A09000FE129E /* BG for buttons */ = {
			isa = PBXGroup;
			children = (
				3051115C16E0A09000FE129E /* blackButton.png */,
				3051115D16E0A09000FE129E /* blackButton@2x.png */,
				3051115E16E0A09000FE129E /* blackButtonHighlight.png */,
				3051115F16E0A09000FE129E /* blackButtonHighlight@2x.png */,
				3051116016E0A09000FE129E /* blueButton.png */,
				3051116116E0A09000FE129E /* blueButton@2x.png */,
				3051116216E0A09000FE129E /* blueButtonHighlight.png */,
				3051116316E0A09000FE129E /* blueButtonHighlight@2x.png */,
				3051116416E0A09000FE129E /* greenButton.png */,
				3051116516E0A09000FE129E /* greenButton@2x.png */,
				3051116616E0A09000FE129E /* greenButtonHighlight.png */,
				3051116716E0A09000FE129E /* greenButtonHighlight@2x.png */,
				3051116816E0A09000FE129E /* greyButton.png */,
				3051116916E0A09000FE129E /* greyButton@2x.png */,
				3051116B16E0A09000FE129E /* greyButtonHighlight.png */,
				3051116C16E0A09000FE129E /* greyButtonHighlight@2x.png */,
				3051116D16E0A09000FE129E /* orangeButton.png */,
				3051116E16E0A09000FE129E /* orangeButton@2x.png */,
				3051116F16E0A09000FE129E /* orangeButtonHighlight.png */,
				3051117016E0A09000FE129E /* orangeButtonHighlight@2x.png */,
				3051117116E0A09000FE129E /* tanButton.png */,
				3051117216E0A09000FE129E /* tanButton@2x.png */,
				3051117316E0A09000FE129E /* tanButtonHighlight.png */,
				3051117416E0A09000FE129E /* tanButtonHighlight@2x.png */,
				3051117516E0A09000FE129E /* whiteButton.png */,
				3051117616E0A09000FE129E /* whiteButton@2x.png */,
				3051117716E0A09000FE129E /* whiteButtonHighlight.png */,
				3051117816E0A09000FE129E /* whiteButtonHighlight@2x.png */,
			);
			path = "BG for buttons";
			sourceTree = "<group>";
		};
		30594E9D16E026AD00C8B873 /* resources */ = {
			isa = PBXGroup;
			children = (
				FE44387116E65E330079C77C /* icons */,
				3051115B16E0A09000FE129E /* BG for buttons */,
				30594E9E16E026AD00C8B873 /* BG Textures */,
			);
			name = resources;
			path = iMoments/resources;
			sourceTree = "<group>";
		};
		30594E9E16E026AD00C8B873 /* BG Textures */ = {
			isa = PBXGroup;
			children = (
				3051113216E09D9D00FE129E /* black_linen_v2.png */,
				3051113316E09D9D00FE129E /* black_linen_v2@2x.png */,
				3051113416E09D9D00FE129E /* brushed_alu_dark.png */,
				3051113516E09D9D00FE129E /* brushed_alu_dark@2x.png */,
				3051113616E09D9D00FE129E /* dark_leather.png */,
				3051113716E09D9D00FE129E /* dark_leather@2x.png */,
				3051113816E09D9D00FE129E /* darkdenim3.png */,
				3051113916E09D9D00FE129E /* darkdenim3@2x.png */,
				3051113A16E09D9D00FE129E /* darth_stripe.png */,
				3051113B16E09D9D00FE129E /* darth_stripe@2x.png */,
				3051113C16E09D9D00FE129E /* irongrip.png */,
				3051113D16E09D9D00FE129E /* irongrip@2x.png */,
				3051113E16E09D9D00FE129E /* knitted-netting.png */,
				3051113F16E09D9D00FE129E /* knitted-netting@2x.png */,
				3051114016E09D9E00FE129E /* light_alu.png */,
				3051114116E09D9E00FE129E /* light_alu@2x.png */,
				3051114216E09D9E00FE129E /* little_pluses.png */,
				3051114316E09D9E00FE129E /* little_pluses@2x.png */,
				3051114416E09D9E00FE129E /* real_cf.png */,
				3051114516E09D9E00FE129E /* real_cf@2x.png */,
				30594E9F16E026AD00C8B873 /* carbon_fibre.png */,
				30594EA016E026AD00C8B873 /* carbon_fibre@2X.png */,
				30594EA116E026AD00C8B873 /* large_leather.png */,
				30594EA216E026AD00C8B873 /* large_leather@2X.png */,
				30594EA316E026AD00C8B873 /* outlets.png */,
				30594EA416E026AD00C8B873 /* outlets@2X.png */,
				30594EA516E026AD00C8B873 /* white_leather.png */,
				30594EA616E026AD00C8B873 /* white_leather@2X.png */,
			);
			path = "BG Textures";
			sourceTree = "<group>";
		};
		30594EB316E0279100C8B873 /* CustomViews */ = {
			isa = PBXGroup;
			children = (
				30594EB416E027C200C8B873 /* CustomImageView.h */,
				30594EB516E027C200C8B873 /* CustomImageView.m */,
				FE4B3B5516E8DBA40033B12B /* SimpleButton.h */,
				FE4B3B5616E8DBA40033B12B /* SimpleButton.m */,
			);
			path = CustomViews;
			sourceTree = "<group>";
		};
		FE0C67A516D55BE7007D003D = {
			isa = PBXGroup;
			children = (
				FE0C67BA16D55BE7007D003D /* iMoments */,
				30594E9D16E026AD00C8B873 /* resources */,
				FE0C67DE16D55BE7007D003D /* iMomentsTests */,
				FE0C67B316D55BE7007D003D /* Frameworks */,
				FE0C67B116D55BE7007D003D /* Products */,
			);
			sourceTree = "<group>";
		};
		FE0C67B116D55BE7007D003D /* Products */ = {
			isa = PBXGroup;
			children = (
				FE0C67B016D55BE7007D003D /* iMoments.app */,
				FE0C67D716D55BE7007D003D /* iMomentsTests.octest */,
			);
			name = Products;
			sourceTree = "<group>";
		};
		FE0C67B316D55BE7007D003D /* Frameworks */ = {
			isa = PBXGroup;
			children = (
				FE4245EC16E006AC0099C7DF /* CoreVideo.framework */,
				FE4245EA16E006980099C7DF /* CoreImage.framework */,
				FE4245CE16DFE0810099C7DF /* QuartzCore.framework */,
				FE4245CC16DFE0780099C7DF /* MobileCoreServices.framework */,
				FE4245CA16DFE05E0099C7DF /* MediaPlayer.framework */,
				FE4245C816DFE0540099C7DF /* CoreMedia.framework */,
				FE4245C616DFE04A0099C7DF /* AVFoundation.framework */,
				FE4245C316DFE0420099C7DF /* AssetsLibrary.framework */,
				FE42456216DF8BAE0099C7DF /* CoreData.framework */,
				FE0C67B416D55BE7007D003D /* UIKit.framework */,
				FE0C67B616D55BE7007D003D /* Foundation.framework */,
				FE0C67B816D55BE7007D003D /* CoreGraphics.framework */,
				FE0C67D816D55BE7007D003D /* SenTestingKit.framework */,
			);
			name = Frameworks;
			sourceTree = "<group>";
		};
		FE0C67BA16D55BE7007D003D /* iMoments */ = {
			isa = PBXGroup;
			children = (
				FE0C67C316D55BE7007D003D /* AppDelegate.h */,
				FE0C67C416D55BE7007D003D /* AppDelegate.m */,
				FE0C67EF16D5636F007D003D /* classes */,
				FE0C67BB16D55BE7007D003D /* Supporting Files */,
			);
			path = iMoments;
			sourceTree = "<group>";
		};
		FE0C67BB16D55BE7007D003D /* Supporting Files */ = {
			isa = PBXGroup;
			children = (
				FE0C67BC16D55BE7007D003D /* iMoments-Info.plist */,
				FE0C67BD16D55BE7007D003D /* InfoPlist.strings */,
				FE0C67C016D55BE7007D003D /* main.m */,
				FE0C67C216D55BE7007D003D /* iMoments-Prefix.pch */,
				FE0C67C616D55BE7007D003D /* Default.png */,
				FE0C67C816D55BE7007D003D /* Default@2x.png */,
				FE0C67CA16D55BE7007D003D /* Default-568h@2x.png */,
			);
			name = "Supporting Files";
			sourceTree = "<group>";
		};
		FE0C67DE16D55BE7007D003D /* iMomentsTests */ = {
			isa = PBXGroup;
			children = (
				FE0C67E416D55BE7007D003D /* iMomentsTests.h */,
				FE0C67E516D55BE7007D003D /* iMomentsTests.m */,
				FE0C67DF16D55BE7007D003D /* Supporting Files */,
			);
			path = iMomentsTests;
			sourceTree = "<group>";
		};
		FE0C67DF16D55BE7007D003D /* Supporting Files */ = {
			isa = PBXGroup;
			children = (
				FE0C67E016D55BE7007D003D /* iMomentsTests-Info.plist */,
				FE0C67E116D55BE7007D003D /* InfoPlist.strings */,
			);
			name = "Supporting Files";
			sourceTree = "<group>";
		};
		FE0C67EF16D5636F007D003D /* classes */ = {
			isa = PBXGroup;
			children = (
				FEBAF60416E7D22D002506BA /* Custom Segues */,
				FE44388316E68EA90079C77C /* Categories */,
				FEC220C816E0F25B00A1A6AC /* tools */,
				FE0C67F516D56580007D003D /* Core */,
				FE5A4FE816DBFFCF00A6DC05 /* Managers */,
				FE5A4FE916DBFFCF00A6DC05 /* Models */,
				FE0C67F016D56370007D003D /* UI */,
			);
			path = classes;
			sourceTree = "<group>";
		};
		FE0C67F016D56370007D003D /* UI */ = {
			isa = PBXGroup;
			children = (
				FEBAF60C16E7D4E9002506BA /* Table Headers */,
				30594EB316E0279100C8B873 /* CustomViews */,
				FE5A4FEB16DC001B00A6DC05 /* Storyboards */,
				FE0C67F116D56370007D003D /* Controllers */,
			);
			path = UI;
			sourceTree = "<group>";
		};
		FE0C67F116D56370007D003D /* Controllers */ = {
			isa = PBXGroup;
			children = (
				FEBAF60816E7D435002506BA /* Moments Controllers */,
				FE4245AA16DFB4AD0099C7DF /* Base controllers */,
				FE4245A716DFB48C0099C7DF /* VideosTableViewController.h */,
				FE4245A816DFB48D0099C7DF /* VideosTableViewController.m */,
				FE0C680116D57477007D003D /* ShotVideoViewController.h */,
				FE0C680216D57477007D003D /* ShotVideoViewController.m */,
				FEA75F3916E4F12200F8A74F /* VideoLibraryTableViewController.h */,
				FEA75F3A16E4F12200F8A74F /* VideoLibraryTableViewController.m */,
				FE44387F16E67D780079C77C /* MediaPlayerViewController.h */,
				FE44388016E67D780079C77C /* MediaPlayerViewController.m */,
				FEBAF5C716E79F56002506BA /* EditVideoInfoViewController.h */,
				FEBAF5C816E79F56002506BA /* EditVideoInfoViewController.m */,
			);
			path = Controllers;
			sourceTree = "<group>";
		};
		FE0C67F516D56580007D003D /* Core */ = {
			isa = PBXGroup;
			children = (
				FE0C67F616D56593007D003D /* BaseUIProtocol.h */,
				FE0C67F716D5659F007D003D /* Constants.h */,
				FEA75F4016E506A500F8A74F /* Mackroses.h */,
			);
			path = Core;
			sourceTree = "<group>";
		};
		FE4245AA16DFB4AD0099C7DF /* Base controllers */ = {
			isa = PBXGroup;
			children = (
				FEA75F2A16E4E94200F8A74F /* BaseTabBarController.h */,
				FEA75F2B16E4E94200F8A74F /* BaseTabBarController.m */,
				FE4245AB16DFB4AE0099C7DF /* BaseTableViewController.h */,
				FE4245AC16DFB4AE0099C7DF /* BaseTableViewController.m */,
				FE4245AD16DFB4AE0099C7DF /* BaseViewController.h */,
				FE4245AE16DFB4AE0099C7DF /* BaseViewController.m */,
			);
			path = "Base controllers";
			sourceTree = "<group>";
		};
		FE44387116E65E330079C77C /* icons */ = {
			isa = PBXGroup;
			children = (
				3087DA7B16E8C2B1008E7C75 /* concole.png */,
				3087DA7C16E8C2B1008E7C75 /* concole@2x.png */,
				3087DA7316E8C0A1008E7C75 /* bulb_off.png */,
				3087DA7416E8C0A1008E7C75 /* bulb_off@2x.png */,
				3087DA7516E8C0A1008E7C75 /* bulb_on.png */,
				3087DA7616E8C0A1008E7C75 /* bulb_on@2x.png */,
				3087DA6E16E8BF3E008E7C75 /* video.png */,
				3087DA6F16E8BF3E008E7C75 /* video@2x.png */,
				FE44387216E65E330079C77C /* camera.png */,
				FE44387316E65E330079C77C /* camera@2x.png */,
				FE44387416E65E330079C77C /* lightbulb.png */,
				FE44387516E65E330079C77C /* lightbulb@2x.png */,
			);
			path = icons;
			sourceTree = "<group>";
		};
		FE44388316E68EA90079C77C /* Categories */ = {
			isa = PBXGroup;
			children = (
				FE44388416E68EC00079C77C /* NSData+Encryption.h */,
				FE44388516E68EC00079C77C /* NSData+Encryption.m */,
			);
			path = Categories;
			sourceTree = "<group>";
		};
		FE5A4FE816DBFFCF00A6DC05 /* Managers */ = {
			isa = PBXGroup;
			children = (
				FE5A500916DC0FF400A6DC05 /* Engine.h */,
				FE5A500A16DC0FF400A6DC05 /* Engine.m */,
				FE42456516DF94450099C7DF /* ModelManager.h */,
				FE42456616DF94450099C7DF /* ModelManager.m */,
				FEBAF61816E7E0F8002506BA /* FileManager.h */,
				FEBAF61916E7E0F9002506BA /* FileManager.m */,
				FE90510816E121D600617F15 /* VideoManager */,
			);
			path = Managers;
			sourceTree = "<group>";
		};
		FE5A4FE916DBFFCF00A6DC05 /* Models */ = {
			isa = PBXGroup;
			children = (
				FEA75F4916E51FEF00F8A74F /* AssetModels */,
				FE42456C16DF973C0099C7DF /* iMoments.xcdatamodeld */,
				FEBAF5E216E7B252002506BA /* BaseVideoInterface.h */,
				FEBAF5E316E7B252002506BA /* BaseVideoInterface.m */,
				FEBAF5DF16E7B252002506BA /* Video.h */,
				FEBAF5E016E7B252002506BA /* Video.m */,
				FEBAF5DC16E7B251002506BA /* Moment.h */,
				FEBAF5DD16E7B251002506BA /* Moment.m */,
			);
			path = Models;
			sourceTree = "<group>";
		};
		FE5A4FEB16DC001B00A6DC05 /* Storyboards */ = {
			isa = PBXGroup;
			children = (
				FE5A4FEC16DC00E000A6DC05 /* MainStoryboard.storyboard */,
			);
			path = Storyboards;
			sourceTree = "<group>";
		};
		FE90510816E121D600617F15 /* VideoManager */ = {
			isa = PBXGroup;
			children = (
				FE90510B16E121D600617F15 /* VideoRecordingManager.h */,
				FE90510C16E121D600617F15 /* VideoRecordingManager.m */,
				FE90510916E121D600617F15 /* AVCamRecorder.h */,
				FE90510A16E121D600617F15 /* AVCamRecorder.m */,
			);
			path = VideoManager;
			sourceTree = "<group>";
		};
		FEA75F4916E51FEF00F8A74F /* AssetModels */ = {
			isa = PBXGroup;
			children = (
				FEA75F4A16E51FEF00F8A74F /* AssetBrowserItem.h */,
				FEA75F4B16E51FEF00F8A74F /* AssetBrowserItem.m */,
			);
			path = AssetModels;
			sourceTree = "<group>";
		};
		FEBAF60416E7D22D002506BA /* Custom Segues */ = {
			isa = PBXGroup;
			children = (
				FEBAF60516E7D23E002506BA /* PopSegue.h */,
				FEBAF60616E7D23E002506BA /* PopSegue.m */,
			);
			path = "Custom Segues";
			sourceTree = "<group>";
		};
		FEBAF60816E7D435002506BA /* Moments Controllers */ = {
			isa = PBXGroup;
			children = (
				FEBAF60916E7D44D002506BA /* MomentsTableViewController.h */,
				FEBAF60A16E7D44D002506BA /* MomentsTableViewController.m */,
				FE4B3B6016E8FF9F0033B12B /* EditMomentViewController.h */,
				FE4B3B6116E8FF9F0033B12B /* EditMomentViewController.m */,
			);
			path = "Moments Controllers";
			sourceTree = "<group>";
		};
		FEBAF60C16E7D4E9002506BA /* Table Headers */ = {
			isa = PBXGroup;
			children = (
				FEBAF60D16E7D512002506BA /* VideoInfoHeader.h */,
				FEBAF60E16E7D512002506BA /* VideoInfoHeader.m */,
				FEBAF61216E7D544002506BA /* VideoInfoHeader.xib */,
			);
			path = "Table Headers";
			sourceTree = "<group>";
		};
		FEC220C816E0F25B00A1A6AC /* tools */ = {
			isa = PBXGroup;
			children = (
				FE90510516E1213900617F15 /* AVCamUtilities.h */,
				FE90510616E1213900617F15 /* AVCamUtilities.m */,
				FEC220CA16E0F27B00A1A6AC /* OrientationsTool.h */,
				FEC220CB16E0F27B00A1A6AC /* OrientationsTool.m */,
				FE4B3B5916E8EC3B0033B12B /* TimeUtilites.h */,
				FE4B3B5A16E8EC3B0033B12B /* TimeUtilites.m */,
			);
			path = tools;
			sourceTree = "<group>";
		};
/* End PBXGroup section */

/* Begin PBXNativeTarget section */
		FE0C67AF16D55BE7007D003D /* iMoments */ = {
			isa = PBXNativeTarget;
			buildConfigurationList = FE0C67E916D55BE7007D003D /* Build configuration list for PBXNativeTarget "iMoments" */;
			buildPhases = (
				FE0C67AC16D55BE7007D003D /* Sources */,
				FE0C67AD16D55BE7007D003D /* Frameworks */,
				FE0C67AE16D55BE7007D003D /* Resources */,
			);
			buildRules = (
			);
			dependencies = (
			);
			name = iMoments;
			productName = iMoments;
			productReference = FE0C67B016D55BE7007D003D /* iMoments.app */;
			productType = "com.apple.product-type.application";
		};
		FE0C67D616D55BE7007D003D /* iMomentsTests */ = {
			isa = PBXNativeTarget;
			buildConfigurationList = FE0C67EC16D55BE7007D003D /* Build configuration list for PBXNativeTarget "iMomentsTests" */;
			buildPhases = (
				FE0C67D216D55BE7007D003D /* Sources */,
				FE0C67D316D55BE7007D003D /* Frameworks */,
				FE0C67D416D55BE7007D003D /* Resources */,
				FE0C67D516D55BE7007D003D /* ShellScript */,
			);
			buildRules = (
			);
			dependencies = (
				FE0C67DD16D55BE7007D003D /* PBXTargetDependency */,
			);
			name = iMomentsTests;
			productName = iMomentsTests;
			productReference = FE0C67D716D55BE7007D003D /* iMomentsTests.octest */;
			productType = "com.apple.product-type.bundle";
		};
/* End PBXNativeTarget section */

/* Begin PBXProject section */
		FE0C67A716D55BE7007D003D /* Project object */ = {
			isa = PBXProject;
			attributes = {
				LastUpgradeCheck = 0450;
				ORGANIZATIONNAME = "Stas Dymedyuk";
			};
			buildConfigurationList = FE0C67AA16D55BE7007D003D /* Build configuration list for PBXProject "iMoments" */;
			compatibilityVersion = "Xcode 3.2";
			developmentRegion = English;
			hasScannedForEncodings = 0;
			knownRegions = (
				en,
			);
			mainGroup = FE0C67A516D55BE7007D003D;
			productRefGroup = FE0C67B116D55BE7007D003D /* Products */;
			projectDirPath = "";
			projectRoot = "";
			targets = (
				FE0C67AF16D55BE7007D003D /* iMoments */,
				FE0C67D616D55BE7007D003D /* iMomentsTests */,
			);
		};
/* End PBXProject section */

/* Begin PBXResourcesBuildPhase section */
		FE0C67AE16D55BE7007D003D /* Resources */ = {
			isa = PBXResourcesBuildPhase;
			buildActionMask = 2147483647;
			files = (
				FE0C67BF16D55BE7007D003D /* InfoPlist.strings in Resources */,
				FE0C67C716D55BE7007D003D /* Default.png in Resources */,
				FE0C67C916D55BE7007D003D /* Default@2x.png in Resources */,
				FE0C67CB16D55BE7007D003D /* Default-568h@2x.png in Resources */,
				FE5A4FED16DC00E000A6DC05 /* MainStoryboard.storyboard in Resources */,
				30594EA716E026AD00C8B873 /* carbon_fibre.png in Resources */,
				30594EA816E026AD00C8B873 /* carbon_fibre@2X.png in Resources */,
				30594EA916E026AD00C8B873 /* large_leather.png in Resources */,
				30594EAA16E026AD00C8B873 /* large_leather@2X.png in Resources */,
				30594EAB16E026AD00C8B873 /* outlets.png in Resources */,
				30594EAC16E026AD00C8B873 /* outlets@2X.png in Resources */,
				30594EAD16E026AD00C8B873 /* white_leather.png in Resources */,
				30594EAE16E026AD00C8B873 /* white_leather@2X.png in Resources */,
				3051114616E09D9E00FE129E /* black_linen_v2.png in Resources */,
				3051114716E09D9E00FE129E /* black_linen_v2@2x.png in Resources */,
				3051114816E09D9E00FE129E /* brushed_alu_dark.png in Resources */,
				3051114916E09D9E00FE129E /* brushed_alu_dark@2x.png in Resources */,
				3051114A16E09D9E00FE129E /* dark_leather.png in Resources */,
				3051114B16E09D9E00FE129E /* dark_leather@2x.png in Resources */,
				3051114C16E09D9E00FE129E /* darkdenim3.png in Resources */,
				3051114D16E09D9E00FE129E /* darkdenim3@2x.png in Resources */,
				3051114E16E09D9E00FE129E /* darth_stripe.png in Resources */,
				3051114F16E09D9E00FE129E /* darth_stripe@2x.png in Resources */,
				3051115016E09D9E00FE129E /* irongrip.png in Resources */,
				3051115116E09D9E00FE129E /* irongrip@2x.png in Resources */,
				3051115216E09D9E00FE129E /* knitted-netting.png in Resources */,
				3051115316E09D9E00FE129E /* knitted-netting@2x.png in Resources */,
				3051115416E09D9E00FE129E /* light_alu.png in Resources */,
				3051115516E09D9E00FE129E /* light_alu@2x.png in Resources */,
				3051115616E09D9E00FE129E /* little_pluses.png in Resources */,
				3051115716E09D9E00FE129E /* little_pluses@2x.png in Resources */,
				3051115816E09D9E00FE129E /* real_cf.png in Resources */,
				3051115916E09D9E00FE129E /* real_cf@2x.png in Resources */,
				3051117916E0A09000FE129E /* blackButton.png in Resources */,
				3051117A16E0A09000FE129E /* blackButton@2x.png in Resources */,
				3051117B16E0A09000FE129E /* blackButtonHighlight.png in Resources */,
				3051117C16E0A09000FE129E /* blackButtonHighlight@2x.png in Resources */,
				3051117D16E0A09000FE129E /* blueButton.png in Resources */,
				3051117E16E0A09000FE129E /* blueButton@2x.png in Resources */,
				3051117F16E0A09000FE129E /* blueButtonHighlight.png in Resources */,
				3051118016E0A09000FE129E /* blueButtonHighlight@2x.png in Resources */,
				3051118116E0A09000FE129E /* greenButton.png in Resources */,
				3051118216E0A09000FE129E /* greenButton@2x.png in Resources */,
				3051118316E0A09000FE129E /* greenButtonHighlight.png in Resources */,
				3051118416E0A09000FE129E /* greenButtonHighlight@2x.png in Resources */,
				3051118516E0A09000FE129E /* greyButton.png in Resources */,
				3051118616E0A09000FE129E /* greyButton@2x.png in Resources */,
				3051118816E0A09000FE129E /* greyButtonHighlight.png in Resources */,
				3051118916E0A09000FE129E /* greyButtonHighlight@2x.png in Resources */,
				3051118A16E0A09000FE129E /* orangeButton.png in Resources */,
				3051118B16E0A09000FE129E /* orangeButton@2x.png in Resources */,
				3051118C16E0A09000FE129E /* orangeButtonHighlight.png in Resources */,
				3051118D16E0A09000FE129E /* orangeButtonHighlight@2x.png in Resources */,
				3051118E16E0A09000FE129E /* tanButton.png in Resources */,
				3051118F16E0A09000FE129E /* tanButton@2x.png in Resources */,
				3051119016E0A09000FE129E /* tanButtonHighlight.png in Resources */,
				3051119116E0A09000FE129E /* tanButtonHighlight@2x.png in Resources */,
				3051119216E0A09000FE129E /* whiteButton.png in Resources */,
				3051119316E0A09000FE129E /* whiteButton@2x.png in Resources */,
				3051119416E0A09000FE129E /* whiteButtonHighlight.png in Resources */,
				3051119516E0A09000FE129E /* whiteButtonHighlight@2x.png in Resources */,
				FE44387616E65E330079C77C /* camera.png in Resources */,
				FE44387716E65E330079C77C /* camera@2x.png in Resources */,
				FE44387816E65E330079C77C /* lightbulb.png in Resources */,
				FE44387916E65E330079C77C /* lightbulb@2x.png in Resources */,
				FEBAF61316E7D544002506BA /* VideoInfoHeader.xib in Resources */,
				3087DA7016E8BF3E008E7C75 /* video.png in Resources */,
				3087DA7116E8BF3E008E7C75 /* video@2x.png in Resources */,
				3087DA7716E8C0A1008E7C75 /* bulb_off.png in Resources */,
				3087DA7816E8C0A1008E7C75 /* bulb_off@2x.png in Resources */,
				3087DA7916E8C0A1008E7C75 /* bulb_on.png in Resources */,
				3087DA7A16E8C0A1008E7C75 /* bulb_on@2x.png in Resources */,
				3087DA7D16E8C2B1008E7C75 /* concole.png in Resources */,
				3087DA7E16E8C2B1008E7C75 /* concole@2x.png in Resources */,
			);
			runOnlyForDeploymentPostprocessing = 0;
		};
		FE0C67D416D55BE7007D003D /* Resources */ = {
			isa = PBXResourcesBuildPhase;
			buildActionMask = 2147483647;
			files = (
				FE0C67E316D55BE7007D003D /* InfoPlist.strings in Resources */,
			);
			runOnlyForDeploymentPostprocessing = 0;
		};
/* End PBXResourcesBuildPhase section */

/* Begin PBXShellScriptBuildPhase section */
		FE0C67D516D55BE7007D003D /* ShellScript */ = {
			isa = PBXShellScriptBuildPhase;
			buildActionMask = 2147483647;
			files = (
			);
			inputPaths = (
			);
			outputPaths = (
			);
			runOnlyForDeploymentPostprocessing = 0;
			shellPath = /bin/sh;
			shellScript = "# Run the unit tests in this test bundle.\n\"${SYSTEM_DEVELOPER_DIR}/Tools/RunUnitTests\"\n";
		};
/* End PBXShellScriptBuildPhase section */

/* Begin PBXSourcesBuildPhase section */
		FE0C67AC16D55BE7007D003D /* Sources */ = {
			isa = PBXSourcesBuildPhase;
			buildActionMask = 2147483647;
			files = (
				FE0C67C116D55BE7007D003D /* main.m in Sources */,
				FE0C67C516D55BE7007D003D /* AppDelegate.m in Sources */,
				FE0C680316D57477007D003D /* ShotVideoViewController.m in Sources */,
				FE5A500B16DC0FF400A6DC05 /* Engine.m in Sources */,
				FE42456716DF94450099C7DF /* ModelManager.m in Sources */,
				FE42456E16DF973C0099C7DF /* iMoments.xcdatamodeld in Sources */,
				FE4245A916DFB48D0099C7DF /* VideosTableViewController.m in Sources */,
				FE4245AF16DFB4AE0099C7DF /* BaseTableViewController.m in Sources */,
				FE4245B016DFB4AE0099C7DF /* BaseViewController.m in Sources */,
				30594EB616E027C200C8B873 /* CustomImageView.m in Sources */,
				FEC220CC16E0F27B00A1A6AC /* OrientationsTool.m in Sources */,
				FE90510716E1213900617F15 /* AVCamUtilities.m in Sources */,
				FE90510D16E121D600617F15 /* AVCamRecorder.m in Sources */,
				FE90510E16E121D600617F15 /* VideoRecordingManager.m in Sources */,
				FEA75F2C16E4E94200F8A74F /* BaseTabBarController.m in Sources */,
				FEA75F3B16E4F12200F8A74F /* VideoLibraryTableViewController.m in Sources */,
				FEA75F4C16E51FEF00F8A74F /* AssetBrowserItem.m in Sources */,
				FE44388116E67D780079C77C /* MediaPlayerViewController.m in Sources */,
				FE44388616E68EC00079C77C /* NSData+Encryption.m in Sources */,
				FEBAF5C916E79F56002506BA /* EditVideoInfoViewController.m in Sources */,
				FEBAF5DE16E7B251002506BA /* Moment.m in Sources */,
				FEBAF5E116E7B252002506BA /* Video.m in Sources */,
				FEBAF5E416E7B252002506BA /* BaseVideoInterface.m in Sources */,
				FEBAF60716E7D23E002506BA /* PopSegue.m in Sources */,
				FEBAF60B16E7D44D002506BA /* MomentsTableViewController.m in Sources */,
				FEBAF60F16E7D512002506BA /* VideoInfoHeader.m in Sources */,
				FEBAF61A16E7E0F9002506BA /* FileManager.m in Sources */,
				FE4B3B5716E8DBA40033B12B /* SimpleButton.m in Sources */,
				FE4B3B5B16E8EC3B0033B12B /* TimeUtilites.m in Sources */,
				FE4B3B6216E8FF9F0033B12B /* EditMomentViewController.m in Sources */,
			);
			runOnlyForDeploymentPostprocessing = 0;
		};
		FE0C67D216D55BE7007D003D /* Sources */ = {
			isa = PBXSourcesBuildPhase;
			buildActionMask = 2147483647;
			files = (
				FE0C67E616D55BE7007D003D /* iMomentsTests.m in Sources */,
			);
			runOnlyForDeploymentPostprocessing = 0;
		};
/* End PBXSourcesBuildPhase section */

/* Begin PBXTargetDependency section */
		FE0C67DD16D55BE7007D003D /* PBXTargetDependency */ = {
			isa = PBXTargetDependency;
			target = FE0C67AF16D55BE7007D003D /* iMoments */;
			targetProxy = FE0C67DC16D55BE7007D003D /* PBXContainerItemProxy */;
		};
/* End PBXTargetDependency section */

/* Begin PBXVariantGroup section */
		FE0C67BD16D55BE7007D003D /* InfoPlist.strings */ = {
			isa = PBXVariantGroup;
			children = (
				FE0C67BE16D55BE7007D003D /* en */,
			);
			name = InfoPlist.strings;
			sourceTree = "<group>";
		};
		FE0C67E116D55BE7007D003D /* InfoPlist.strings */ = {
			isa = PBXVariantGroup;
			children = (
				FE0C67E216D55BE7007D003D /* en */,
			);
			name = InfoPlist.strings;
			sourceTree = "<group>";
		};
/* End PBXVariantGroup section */

/* Begin XCBuildConfiguration section */
		FE0C67E716D55BE7007D003D /* Debug */ = {
			isa = XCBuildConfiguration;
			buildSettings = {
				ALWAYS_SEARCH_USER_PATHS = NO;
				CLANG_CXX_LANGUAGE_STANDARD = "gnu++0x";
				CLANG_CXX_LIBRARY = "libc++";
				CLANG_ENABLE_OBJC_ARC = YES;
				CLANG_WARN_EMPTY_BODY = YES;
				CLANG_WARN__DUPLICATE_METHOD_MATCH = YES;
				"CODE_SIGN_IDENTITY[sdk=iphoneos*]" = "iPhone Developer";
				COPY_PHASE_STRIP = NO;
				GCC_C_LANGUAGE_STANDARD = gnu99;
				GCC_DYNAMIC_NO_PIC = NO;
				GCC_OPTIMIZATION_LEVEL = 0;
				GCC_PREPROCESSOR_DEFINITIONS = (
					"DEBUG=1",
					"$(inherited)",
				);
				GCC_SYMBOLS_PRIVATE_EXTERN = NO;
				GCC_WARN_ABOUT_RETURN_TYPE = YES;
				GCC_WARN_UNINITIALIZED_AUTOS = YES;
				GCC_WARN_UNUSED_VARIABLE = YES;
				IPHONEOS_DEPLOYMENT_TARGET = 6.0;
				ONLY_ACTIVE_ARCH = YES;
				SDKROOT = iphoneos;
			};
			name = Debug;
		};
		FE0C67E816D55BE7007D003D /* Release */ = {
			isa = XCBuildConfiguration;
			buildSettings = {
				ALWAYS_SEARCH_USER_PATHS = NO;
				CLANG_CXX_LANGUAGE_STANDARD = "gnu++0x";
				CLANG_CXX_LIBRARY = "libc++";
				CLANG_ENABLE_OBJC_ARC = YES;
				CLANG_WARN_EMPTY_BODY = YES;
				CLANG_WARN__DUPLICATE_METHOD_MATCH = YES;
				"CODE_SIGN_IDENTITY[sdk=iphoneos*]" = "iPhone Developer";
				COPY_PHASE_STRIP = YES;
				GCC_C_LANGUAGE_STANDARD = gnu99;
				GCC_WARN_ABOUT_RETURN_TYPE = YES;
				GCC_WARN_UNINITIALIZED_AUTOS = YES;
				GCC_WARN_UNUSED_VARIABLE = YES;
				IPHONEOS_DEPLOYMENT_TARGET = 6.0;
				OTHER_CFLAGS = "-DNS_BLOCK_ASSERTIONS=1";
				SDKROOT = iphoneos;
				VALIDATE_PRODUCT = YES;
			};
			name = Release;
		};
		FE0C67EA16D55BE7007D003D /* Debug */ = {
			isa = XCBuildConfiguration;
			buildSettings = {
				CODE_SIGN_IDENTITY = "iPhone Developer: Sergey Alpeev (N7NL4HM4W4)";
				"CODE_SIGN_IDENTITY[sdk=iphoneos*]" = "iPhone Developer: Sergey Alpeev (N7NL4HM4W4)";
				GCC_PRECOMPILE_PREFIX_HEADER = YES;
				GCC_PREFIX_HEADER = "iMoments/iMoments-Prefix.pch";
				INFOPLIST_FILE = "iMoments/iMoments-Info.plist";
				IPHONEOS_DEPLOYMENT_TARGET = 5.0;
				PRODUCT_NAME = "$(TARGET_NAME)";
				PROVISIONING_PROFILE = "013B0A64-CB27-4167-ACE3-F851CE3CB35D";
				"PROVISIONING_PROFILE[sdk=iphoneos*]" = "013B0A64-CB27-4167-ACE3-F851CE3CB35D";
				TARGETED_DEVICE_FAMILY = 1;
				WRAPPER_EXTENSION = app;
			};
			name = Debug;
		};
		FE0C67EB16D55BE7007D003D /* Release */ = {
			isa = XCBuildConfiguration;
			buildSettings = {
				CODE_SIGN_IDENTITY = "iPhone Developer: Sergey Alpeev (N7NL4HM4W4)";
				"CODE_SIGN_IDENTITY[sdk=iphoneos*]" = "iPhone Developer: Sergey Alpeev (N7NL4HM4W4)";
				GCC_PRECOMPILE_PREFIX_HEADER = YES;
				GCC_PREFIX_HEADER = "iMoments/iMoments-Prefix.pch";
				INFOPLIST_FILE = "iMoments/iMoments-Info.plist";
				IPHONEOS_DEPLOYMENT_TARGET = 5.0;
				PRODUCT_NAME = "$(TARGET_NAME)";
				PROVISIONING_PROFILE = "013B0A64-CB27-4167-ACE3-F851CE3CB35D";
				"PROVISIONING_PROFILE[sdk=iphoneos*]" = "013B0A64-CB27-4167-ACE3-F851CE3CB35D";
				TARGETED_DEVICE_FAMILY = 1;
				WRAPPER_EXTENSION = app;
			};
			name = Release;
		};
		FE0C67ED16D55BE7007D003D /* Debug */ = {
			isa = XCBuildConfiguration;
			buildSettings = {
				BUNDLE_LOADER = "$(BUILT_PRODUCTS_DIR)/iMoments.app/iMoments";
				FRAMEWORK_SEARCH_PATHS = (
					"\"$(SDKROOT)/Developer/Library/Frameworks\"",
					"\"$(DEVELOPER_LIBRARY_DIR)/Frameworks\"",
				);
				GCC_PRECOMPILE_PREFIX_HEADER = YES;
				GCC_PREFIX_HEADER = "iMoments/iMoments-Prefix.pch";
				INFOPLIST_FILE = "iMomentsTests/iMomentsTests-Info.plist";
				PRODUCT_NAME = "$(TARGET_NAME)";
				TEST_HOST = "$(BUNDLE_LOADER)";
				WRAPPER_EXTENSION = octest;
			};
			name = Debug;
		};
		FE0C67EE16D55BE7007D003D /* Release */ = {
			isa = XCBuildConfiguration;
			buildSettings = {
				BUNDLE_LOADER = "$(BUILT_PRODUCTS_DIR)/iMoments.app/iMoments";
				FRAMEWORK_SEARCH_PATHS = (
					"\"$(SDKROOT)/Developer/Library/Frameworks\"",
					"\"$(DEVELOPER_LIBRARY_DIR)/Frameworks\"",
				);
				GCC_PRECOMPILE_PREFIX_HEADER = YES;
				GCC_PREFIX_HEADER = "iMoments/iMoments-Prefix.pch";
				INFOPLIST_FILE = "iMomentsTests/iMomentsTests-Info.plist";
				PRODUCT_NAME = "$(TARGET_NAME)";
				TEST_HOST = "$(BUNDLE_LOADER)";
				WRAPPER_EXTENSION = octest;
			};
			name = Release;
		};
/* End XCBuildConfiguration section */

/* Begin XCConfigurationList section */
		FE0C67AA16D55BE7007D003D /* Build configuration list for PBXProject "iMoments" */ = {
			isa = XCConfigurationList;
			buildConfigurations = (
				FE0C67E716D55BE7007D003D /* Debug */,
				FE0C67E816D55BE7007D003D /* Release */,
			);
			defaultConfigurationIsVisible = 0;
			defaultConfigurationName = Release;
		};
		FE0C67E916D55BE7007D003D /* Build configuration list for PBXNativeTarget "iMoments" */ = {
			isa = XCConfigurationList;
			buildConfigurations = (
				FE0C67EA16D55BE7007D003D /* Debug */,
				FE0C67EB16D55BE7007D003D /* Release */,
			);
			defaultConfigurationIsVisible = 0;
			defaultConfigurationName = Release;
		};
		FE0C67EC16D55BE7007D003D /* Build configuration list for PBXNativeTarget "iMomentsTests" */ = {
			isa = XCConfigurationList;
			buildConfigurations = (
				FE0C67ED16D55BE7007D003D /* Debug */,
				FE0C67EE16D55BE7007D003D /* Release */,
			);
			defaultConfigurationIsVisible = 0;
			defaultConfigurationName = Release;
		};
/* End XCConfigurationList section */

/* Begin XCVersionGroup section */
		FE42456C16DF973C0099C7DF /* iMoments.xcdatamodeld */ = {
			isa = XCVersionGroup;
			children = (
				FE42456D16DF973C0099C7DF /* iMoments.xcdatamodel */,
			);
			currentVersion = FE42456D16DF973C0099C7DF /* iMoments.xcdatamodel */;
			path = iMoments.xcdatamodeld;
			sourceTree = "<group>";
			versionGroupType = wrapper.xcdatamodel;
		};
/* End XCVersionGroup section */
	};
	rootObject = FE0C67A716D55BE7007D003D /* Project object */;
}
